// !$*UTF8*$!
{
	archiveVersion = 1;
	classes = {
	};
	objectVersion = 48;
	objects = {

/* Begin PBXBuildFile section */
		0644388B57B33995EA23483A /* Pods_CTSportsTests.framework in Frameworks */ = {isa = PBXBuildFile; fileRef = 6E285C430659210FCFFFB9B5 /* Pods_CTSportsTests.framework */; };
		3653CD9F1FE5FE2F00F396CD /* email.png in Resources */ = {isa = PBXBuildFile; fileRef = 3653CD9D1FE5FE2E00F396CD /* email.png */; };
		3653CDA01FE5FE2F00F396CD /* info.png in Resources */ = {isa = PBXBuildFile; fileRef = 3653CD9E1FE5FE2E00F396CD /* info.png */; };
		3653CDA21FE5FE4000F396CD /* lock.png in Resources */ = {isa = PBXBuildFile; fileRef = 3653CDA11FE5FE4000F396CD /* lock.png */; };
		3653CDA41FE5FE9700F396CD /* compare.png in Resources */ = {isa = PBXBuildFile; fileRef = 3653CDA31FE5FE9600F396CD /* compare.png */; };
		3653CDA61FE61D2000F396CD /* safari.png in Resources */ = {isa = PBXBuildFile; fileRef = 3653CDA51FE61D2000F396CD /* safari.png */; };
		3653CDA81FE6E35000F396CD /* SetInfoCell.swift in Sources */ = {isa = PBXBuildFile; fileRef = 3653CDA71FE6E35000F396CD /* SetInfoCell.swift */; };
		366A8D901FE17D110082A64D /* AppDelegate.swift in Sources */ = {isa = PBXBuildFile; fileRef = 366A8D8F1FE17D110082A64D /* AppDelegate.swift */; };
		366A8D921FE17D110082A64D /* AllGamesSchduleVC.swift in Sources */ = {isa = PBXBuildFile; fileRef = 366A8D911FE17D110082A64D /* AllGamesSchduleVC.swift */; };
		366A8D941FE17D110082A64D /* SpecificGamesSchduleVC.swift in Sources */ = {isa = PBXBuildFile; fileRef = 366A8D931FE17D110082A64D /* SpecificGamesSchduleVC.swift */; };
		366A8D971FE17D110082A64D /* Main.storyboard in Resources */ = {isa = PBXBuildFile; fileRef = 366A8D951FE17D110082A64D /* Main.storyboard */; };
		366A8D991FE17D110082A64D /* Assets.xcassets in Resources */ = {isa = PBXBuildFile; fileRef = 366A8D981FE17D110082A64D /* Assets.xcassets */; };
		366A8D9C1FE17D110082A64D /* LaunchScreen.storyboard in Resources */ = {isa = PBXBuildFile; fileRef = 366A8D9A1FE17D110082A64D /* LaunchScreen.storyboard */; };
		366A8DA71FE17D110082A64D /* CTSportsTests.swift in Sources */ = {isa = PBXBuildFile; fileRef = 366A8DA61FE17D110082A64D /* CTSportsTests.swift */; };
		366A8DB21FE17D110082A64D /* CTSportsUITests.swift in Sources */ = {isa = PBXBuildFile; fileRef = 366A8DB11FE17D110082A64D /* CTSportsUITests.swift */; };
		366A8DC21FE17DA50082A64D /* SportingEvent.swift in Sources */ = {isa = PBXBuildFile; fileRef = 366A8DC11FE17DA50082A64D /* SportingEvent.swift */; };
		366A8DC41FE17DCF0082A64D /* SportsCell.swift in Sources */ = {isa = PBXBuildFile; fileRef = 366A8DC31FE17DCF0082A64D /* SportsCell.swift */; };
		366A8DC71FE17E050082A64D /* SportsInfoCell.swift in Sources */ = {isa = PBXBuildFile; fileRef = 366A8DC61FE17E050082A64D /* SportsInfoCell.swift */; };
		366A8DC91FE17F8C0082A64D /* SportingEventVC.swift in Sources */ = {isa = PBXBuildFile; fileRef = 366A8DC81FE17F8C0082A64D /* SportingEventVC.swift */; };
		366A8DCF1FE180570082A64D /* football.png in Resources */ = {isa = PBXBuildFile; fileRef = 366A8DCB1FE180560082A64D /* football.png */; };
		366A8DD01FE180570082A64D /* footballFilled.png in Resources */ = {isa = PBXBuildFile; fileRef = 366A8DCC1FE180560082A64D /* footballFilled.png */; };
		366A8DD11FE180570082A64D /* football@2x.png in Resources */ = {isa = PBXBuildFile; fileRef = 366A8DCD1FE180570082A64D /* football@2x.png */; };
		366A8DD21FE180570082A64D /* footballFilled@2x.png in Resources */ = {isa = PBXBuildFile; fileRef = 366A8DCE1FE180570082A64D /* footballFilled@2x.png */; };
		366A8DD51FE19EB30082A64D /* NSDateExtension.swift in Sources */ = {isa = PBXBuildFile; fileRef = 366A8DD41FE19EB30082A64D /* NSDateExtension.swift */; };
		366A8DD71FE1A57A0082A64D /* SetSchoolVC.swift in Sources */ = {isa = PBXBuildFile; fileRef = 366A8DD61FE1A57A0082A64D /* SetSchoolVC.swift */; };
		366A8DD91FE2DE530082A64D /* InfoVC.swift in Sources */ = {isa = PBXBuildFile; fileRef = 366A8DD81FE2DE530082A64D /* InfoVC.swift */; };
		366A8DDB1FE40F8C0082A64D /* UIImageViewExtension.swift in Sources */ = {isa = PBXBuildFile; fileRef = 366A8DDA1FE40F8C0082A64D /* UIImageViewExtension.swift */; };
		367B387620053DB500560F2C /* UnifiedSportsBasketball.png in Resources */ = {isa = PBXBuildFile; fileRef = 367B383420053DB500560F2C /* UnifiedSportsBasketball.png */; };
		367B387720053DB500560F2C /* GirlsIceHockey.png in Resources */ = {isa = PBXBuildFile; fileRef = 367B383520053DB500560F2C /* GirlsIceHockey.png */; };
		367B387820053DB500560F2C /* Bowling.png in Resources */ = {isa = PBXBuildFile; fileRef = 367B383620053DB500560F2C /* Bowling.png */; };
		367B387920053DB500560F2C /* Practice.png in Resources */ = {isa = PBXBuildFile; fileRef = 367B383720053DB500560F2C /* Practice.png */; };
		367B387A20053DB500560F2C /* BoysWaterPolo.png in Resources */ = {isa = PBXBuildFile; fileRef = 367B383820053DB500560F2C /* BoysWaterPolo.png */; };
		367B387B20053DB500560F2C /* FieldHockey.png in Resources */ = {isa = PBXBuildFile; fileRef = 367B383920053DB500560F2C /* FieldHockey.png */; };
		367B387C20053DB500560F2C /* BoysBadminton.png in Resources */ = {isa = PBXBuildFile; fileRef = 367B383A20053DB500560F2C /* BoysBadminton.png */; };
		367B387D20053DB500560F2C /* Band.png in Resources */ = {isa = PBXBuildFile; fileRef = 367B383B20053DB500560F2C /* Band.png */; };
		367B387E20053DB500560F2C /* GirlsCrew.png in Resources */ = {isa = PBXBuildFile; fileRef = 367B383C20053DB500560F2C /* GirlsCrew.png */; };
		367B387F20053DB500560F2C /* DebateTeam.png in Resources */ = {isa = PBXBuildFile; fileRef = 367B383D20053DB500560F2C /* DebateTeam.png */; };
		367B388020053DB500560F2C /* GirlsAlpineSkiing.png in Resources */ = {isa = PBXBuildFile; fileRef = 367B383E20053DB500560F2C /* GirlsAlpineSkiing.png */; };
		367B388120053DB500560F2C /* GirlsSoccer.png in Resources */ = {isa = PBXBuildFile; fileRef = 367B383F20053DB500560F2C /* GirlsSoccer.png */; };
		367B388220053DB500560F2C /* GirlsSailing.png in Resources */ = {isa = PBXBuildFile; fileRef = 367B384020053DB500560F2C /* GirlsSailing.png */; };
		367B388320053DB500560F2C /* GirlsTennis.png in Resources */ = {isa = PBXBuildFile; fileRef = 367B384120053DB500560F2C /* GirlsTennis.png */; };
		367B388420053DB500560F2C /* GirlsGymnastics.png in Resources */ = {isa = PBXBuildFile; fileRef = 367B384220053DB500560F2C /* GirlsGymnastics.png */; };
		367B388520053DB500560F2C /* BoysBasketball.png in Resources */ = {isa = PBXBuildFile; fileRef = 367B384320053DB500560F2C /* BoysBasketball.png */; };
		367B388620053DB500560F2C /* Co-edFencing.png in Resources */ = {isa = PBXBuildFile; fileRef = 367B384420053DB500560F2C /* Co-edFencing.png */; };
		367B388720053DB500560F2C /* Crew.png in Resources */ = {isa = PBXBuildFile; fileRef = 367B384520053DB500560F2C /* Crew.png */; };
		367B388820053DB500560F2C /* GirlsWaterPolo.png in Resources */ = {isa = PBXBuildFile; fileRef = 367B384620053DB500560F2C /* GirlsWaterPolo.png */; };
		367B388920053DB500560F2C /* GirlsBadminton.png in Resources */ = {isa = PBXBuildFile; fileRef = 367B384720053DB500560F2C /* GirlsBadminton.png */; };
		367B388A20053DB500560F2C /* Cheerleading.png in Resources */ = {isa = PBXBuildFile; fileRef = 367B384820053DB500560F2C /* Cheerleading.png */; };
		367B388B20053DB500560F2C /* ColorGuard.png in Resources */ = {isa = PBXBuildFile; fileRef = 367B384920053DB500560F2C /* ColorGuard.png */; };
		367B388C20053DB500560F2C /* BoysLacrosse.png in Resources */ = {isa = PBXBuildFile; fileRef = 367B384A20053DB500560F2C /* BoysLacrosse.png */; };
		367B388D20053DB500560F2C /* GirlsCrossCountry.png in Resources */ = {isa = PBXBuildFile; fileRef = 367B384B20053DB500560F2C /* GirlsCrossCountry.png */; };
		367B388E20053DB500560F2C /* GirlsSwimming.png in Resources */ = {isa = PBXBuildFile; fileRef = 367B384C20053DB500560F2C /* GirlsSwimming.png */; };
		367B388F20053DB500560F2C /* BoysOutdoorTrack.png in Resources */ = {isa = PBXBuildFile; fileRef = 367B384D20053DB500560F2C /* BoysOutdoorTrack.png */; };
		367B389020053DB500560F2C /* BoysIceHockey.png in Resources */ = {isa = PBXBuildFile; fileRef = 367B384E20053DB500560F2C /* BoysIceHockey.png */; };
		367B389120053DB500560F2C /* GirlsBasketball.png in Resources */ = {isa = PBXBuildFile; fileRef = 367B384F20053DB500560F2C /* GirlsBasketball.png */; };
		367B389220053DB500560F2C /* Co-edAlpineSkiing.png in Resources */ = {isa = PBXBuildFile; fileRef = 367B385020053DB500560F2C /* Co-edAlpineSkiing.png */; };
		367B389320053DB500560F2C /* Chorus.png in Resources */ = {isa = PBXBuildFile; fileRef = 367B385120053DB500560F2C /* Chorus.png */; };
		367B389420053DB500560F2C /* BoysSailing.png in Resources */ = {isa = PBXBuildFile; fileRef = 367B385220053DB500560F2C /* BoysSailing.png */; };
		367B389520053DB500560F2C /* DanceTeam.png in Resources */ = {isa = PBXBuildFile; fileRef = 367B385320053DB500560F2C /* DanceTeam.png */; };
		367B389620053DB500560F2C /* Co-edCrew.png in Resources */ = {isa = PBXBuildFile; fileRef = 367B385420053DB500560F2C /* Co-edCrew.png */; };
		367B389720053DB500560F2C /* MathTeam.png in Resources */ = {isa = PBXBuildFile; fileRef = 367B385520053DB500560F2C /* MathTeam.png */; };
		367B389820053DB500560F2C /* Co-edRifle.png in Resources */ = {isa = PBXBuildFile; fileRef = 367B385620053DB500560F2C /* Co-edRifle.png */; };
		367B389920053DB500560F2C /* UnifiedSportsTrack.png in Resources */ = {isa = PBXBuildFile; fileRef = 367B385720053DB500560F2C /* UnifiedSportsTrack.png */; };
		367B389A20053DB500560F2C /* UnifiedSportsSoccer.png in Resources */ = {isa = PBXBuildFile; fileRef = 367B385820053DB500560F2C /* UnifiedSportsSoccer.png */; };
		367B389B20053DB500560F2C /* ChessTeam.png in Resources */ = {isa = PBXBuildFile; fileRef = 367B385920053DB500560F2C /* ChessTeam.png */; };
		367B389C20053DB500560F2C /* BoysFencing.png in Resources */ = {isa = PBXBuildFile; fileRef = 367B385A20053DB500560F2C /* BoysFencing.png */; };
		367B389D20053DB500560F2C /* BoysVolleyball.png in Resources */ = {isa = PBXBuildFile; fileRef = 367B385B20053DB500560F2C /* BoysVolleyball.png */; };
		367B389E20053DB500560F2C /* BoysSwimming.png in Resources */ = {isa = PBXBuildFile; fileRef = 367B385C20053DB500560F2C /* BoysSwimming.png */; };
		367B389F20053DB500560F2C /* Wrestling.png in Resources */ = {isa = PBXBuildFile; fileRef = 367B385D20053DB500560F2C /* Wrestling.png */; };
		367B38A020053DB500560F2C /* GirlsLacrosse.png in Resources */ = {isa = PBXBuildFile; fileRef = 367B385E20053DB500560F2C /* GirlsLacrosse.png */; };
		367B38A120053DB500560F2C /* Co-edCrossCountrySkiing.png in Resources */ = {isa = PBXBuildFile; fileRef = 367B385F20053DB500560F2C /* Co-edCrossCountrySkiing.png */; };
		367B38A220053DB500560F2C /* BoysRugby.png in Resources */ = {isa = PBXBuildFile; fileRef = 367B386020053DB500560F2C /* BoysRugby.png */; };
		367B38A320053DB500560F2C /* PowderpuffFootball.png in Resources */ = {isa = PBXBuildFile; fileRef = 367B386120053DB500560F2C /* PowderpuffFootball.png */; };
		367B38A420053DB500560F2C /* Baseball.png in Resources */ = {isa = PBXBuildFile; fileRef = 367B386220053DB500560F2C /* Baseball.png */; };
		367B38A520053DB500560F2C /* UnifiedSportsVolleyball.png in Resources */ = {isa = PBXBuildFile; fileRef = 367B386320053DB500560F2C /* UnifiedSportsVolleyball.png */; };
		367B38A620053DB500560F2C /* Football.png in Resources */ = {isa = PBXBuildFile; fileRef = 367B386420053DB500560F2C /* Football.png */; };
		367B38A720053DB500560F2C /* MiscellaneousEvents.png in Resources */ = {isa = PBXBuildFile; fileRef = 367B386520053DB500560F2C /* MiscellaneousEvents.png */; };
		367B38A820053DB500560F2C /* BoysAlpineSkiing.png in Resources */ = {isa = PBXBuildFile; fileRef = 367B386620053DB500560F2C /* BoysAlpineSkiing.png */; };
		367B38A920053DB500560F2C /* BoysTennis.png in Resources */ = {isa = PBXBuildFile; fileRef = 367B386720053DB500560F2C /* BoysTennis.png */; };
		367B38AA20053DB500560F2C /* BoysCrossCountry.png in Resources */ = {isa = PBXBuildFile; fileRef = 367B386820053DB500560F2C /* BoysCrossCountry.png */; };
		367B38AB20053DB500560F2C /* GirlsOutdoorTrack.png in Resources */ = {isa = PBXBuildFile; fileRef = 367B386920053DB500560F2C /* GirlsOutdoorTrack.png */; };
		367B38AC20053DB500560F2C /* GirlsFencing.png in Resources */ = {isa = PBXBuildFile; fileRef = 367B386A20053DB500560F2C /* GirlsFencing.png */; };
		367B38AD20053DB500560F2C /* BoysSoccer.png in Resources */ = {isa = PBXBuildFile; fileRef = 367B386B20053DB500560F2C /* BoysSoccer.png */; };
		367B38AE20053DB500560F2C /* GirlsIndoorTrack.png in Resources */ = {isa = PBXBuildFile; fileRef = 367B386C20053DB500560F2C /* GirlsIndoorTrack.png */; };
		367B38AF20053DB500560F2C /* SchoolHolidaysandClosings.png in Resources */ = {isa = PBXBuildFile; fileRef = 367B386D20053DB500560F2C /* SchoolHolidaysandClosings.png */; };
		367B38B020053DB500560F2C /* Co-edSailing.png in Resources */ = {isa = PBXBuildFile; fileRef = 367B386E20053DB500560F2C /* Co-edSailing.png */; };
		367B38B120053DB500560F2C /* Softball.png in Resources */ = {isa = PBXBuildFile; fileRef = 367B386F20053DB500560F2C /* Softball.png */; };
		367B38B220053DB500560F2C /* GirlsVolleyball.png in Resources */ = {isa = PBXBuildFile; fileRef = 367B387020053DB500560F2C /* GirlsVolleyball.png */; };
		367B38B320053DB500560F2C /* BoysIndoorTrack.png in Resources */ = {isa = PBXBuildFile; fileRef = 367B387120053DB500560F2C /* BoysIndoorTrack.png */; };
		367B38B420053DB500560F2C /* BoysGolf.png in Resources */ = {isa = PBXBuildFile; fileRef = 367B387220053DB500560F2C /* BoysGolf.png */; };
		367B38B520053DB500560F2C /* Pom-Pom.png in Resources */ = {isa = PBXBuildFile; fileRef = 367B387320053DB500560F2C /* Pom-Pom.png */; };
		367B38B620053DB500560F2C /* Drumline.png in Resources */ = {isa = PBXBuildFile; fileRef = 367B387420053DB500560F2C /* Drumline.png */; };
		367B38B720053DB500560F2C /* GirlsGolf.png in Resources */ = {isa = PBXBuildFile; fileRef = 367B387520053DB500560F2C /* GirlsGolf.png */; };
		367B38B920065E7200560F2C /* BoysCrew.png in Resources */ = {isa = PBXBuildFile; fileRef = 367B38B820065E7000560F2C /* BoysCrew.png */; };
		367B38C12007177700560F2C /* SF Collegiate.ttf in Resources */ = {isa = PBXBuildFile; fileRef = 367B38BD2007175A00560F2C /* SF Collegiate.ttf */; };
		367B38C22007177A00560F2C /* SF Collegiate Solid.ttf in Resources */ = {isa = PBXBuildFile; fileRef = 367B38BB2007175300560F2C /* SF Collegiate Solid.ttf */; };
		367B38C32007177E00560F2C /* SF Collegiate Solid Italic.ttf in Resources */ = {isa = PBXBuildFile; fileRef = 367B38C02007176300560F2C /* SF Collegiate Solid Italic.ttf */; };
		367B38C42007178000560F2C /* SF Collegiate Solid Bold.ttf in Resources */ = {isa = PBXBuildFile; fileRef = 367B38BC2007175600560F2C /* SF Collegiate Solid Bold.ttf */; };
		367B38C52007178200560F2C /* SF Collegiate Solid Bold Italic.ttf in Resources */ = {isa = PBXBuildFile; fileRef = 367B38BF2007176000560F2C /* SF Collegiate Solid Bold Italic.ttf */; };
		367B38C62007178500560F2C /* SF Collegiate Italic.ttf in Resources */ = {isa = PBXBuildFile; fileRef = 367B38BE2007175D00560F2C /* SF Collegiate Italic.ttf */; };
		367B38C82007218C00560F2C /* GirlsSquash.png in Resources */ = {isa = PBXBuildFile; fileRef = 367B38C72007218900560F2C /* GirlsSquash.png */; };
		367B38CA2007219C00560F2C /* BoysSquash.png in Resources */ = {isa = PBXBuildFile; fileRef = 367B38C92007219B00560F2C /* BoysSquash.png */; };
		367B38CC200721A800560F2C /* Co-edSquash.png in Resources */ = {isa = PBXBuildFile; fileRef = 367B38CB200721A700560F2C /* Co-edSquash.png */; };
		368D7E871FE6E8DA000BE5D4 /* setting@2x.png in Resources */ = {isa = PBXBuildFile; fileRef = 368D7E861FE6E8DA000BE5D4 /* setting@2x.png */; };
		368D7E8B1FE6EA19000BE5D4 /* CIAC.png in Resources */ = {isa = PBXBuildFile; fileRef = 368D7E8A1FE6EA18000BE5D4 /* CIAC.png */; };
		368D7E8D1FE6EA21000BE5D4 /* CIACsmall.png in Resources */ = {isa = PBXBuildFile; fileRef = 368D7E8C1FE6EA1E000BE5D4 /* CIACsmall.png */; };
		368D7E8F1FE7809C000BE5D4 /* AboutVC.swift in Sources */ = {isa = PBXBuildFile; fileRef = 368D7E8E1FE7809C000BE5D4 /* AboutVC.swift */; };
		36ACF2C21FE8A98C007BE150 /* SetSportVC.swift in Sources */ = {isa = PBXBuildFile; fileRef = 36ACF2C11FE8A98C007BE150 /* SetSportVC.swift */; };
		36ACF2C41FE98E59007BE150 /* StringExtension.swift in Sources */ = {isa = PBXBuildFile; fileRef = 36ACF2C31FE98E59007BE150 /* StringExtension.swift */; };
		36F8C3042010498E00B136EA /* colorsDict.swift in Sources */ = {isa = PBXBuildFile; fileRef = 36F8C3032010498E00B136EA /* colorsDict.swift */; };
		496F4F5E1FE7FC9C00799E40 /* sports.txt in Resources */ = {isa = PBXBuildFile; fileRef = 496F4F5D1FE7FC9C00799E40 /* sports.txt */; };
		499CA84C1FF8A46F006FC328 /* Settings-50.png in Resources */ = {isa = PBXBuildFile; fileRef = 499CA84B1FF8A46F006FC328 /* Settings-50.png */; };
		499CA84E1FF8A812006FC328 /* DefaultSportCell.swift in Sources */ = {isa = PBXBuildFile; fileRef = 499CA84D1FF8A812006FC328 /* DefaultSportCell.swift */; };
		499CA8501FF8A939006FC328 /* DefaultSportingEvent.swift in Sources */ = {isa = PBXBuildFile; fileRef = 499CA84F1FF8A939006FC328 /* DefaultSportingEvent.swift */; };
		499CA8521FF8A9BF006FC328 /* DefaultSportsVC.swift in Sources */ = {isa = PBXBuildFile; fileRef = 499CA8511FF8A9BF006FC328 /* DefaultSportsVC.swift */; };
		49A321D21FE7F07700074A36 /* schoolcodes.txt in Resources */ = {isa = PBXBuildFile; fileRef = 49A321D11FE7F07700074A36 /* schoolcodes.txt */; };
		49B502CE2004636F00EAF53E /* InitialInstallViewController.swift in Sources */ = {isa = PBXBuildFile; fileRef = 49B502CD2004636F00EAF53E /* InitialInstallViewController.swift */; };
		49B502D220047F1100EAF53E /* PreviousVCExtension.swift in Sources */ = {isa = PBXBuildFile; fileRef = 49B502D120047F1100EAF53E /* PreviousVCExtension.swift */; };
		49CDAADB1FE84890005475FB /* SequenceExtension.swift in Sources */ = {isa = PBXBuildFile; fileRef = 49CDAADA1FE84890005475FB /* SequenceExtension.swift */; };
		49CDAADD1FE8A58D005475FB /* NetworkManager.swift in Sources */ = {isa = PBXBuildFile; fileRef = 49CDAADC1FE8A58D005475FB /* NetworkManager.swift */; };
		49CDAADF1FE8B604005475FB /* ArrayExtension.swift in Sources */ = {isa = PBXBuildFile; fileRef = 49CDAADE1FE8B604005475FB /* ArrayExtension.swift */; };
		671D8B5DB841DDD1D0139001 /* Pods_CTSports.framework in Frameworks */ = {isa = PBXBuildFile; fileRef = 7E4FF90036102BF67BEF0A64 /* Pods_CTSports.framework */; };
		C55D30FF75744F7CFB0C8F47 /* Pods_CTSportsUITests.framework in Frameworks */ = {isa = PBXBuildFile; fileRef = 523707198B992B39CBCDA703 /* Pods_CTSportsUITests.framework */; };
/* End PBXBuildFile section */

/* Begin PBXContainerItemProxy section */
		366A8DA31FE17D110082A64D /* PBXContainerItemProxy */ = {
			isa = PBXContainerItemProxy;
			containerPortal = 366A8D841FE17D110082A64D /* Project object */;
			proxyType = 1;
			remoteGlobalIDString = 366A8D8B1FE17D110082A64D;
			remoteInfo = CTSports;
		};
		366A8DAE1FE17D110082A64D /* PBXContainerItemProxy */ = {
			isa = PBXContainerItemProxy;
			containerPortal = 366A8D841FE17D110082A64D /* Project object */;
			proxyType = 1;
			remoteGlobalIDString = 366A8D8B1FE17D110082A64D;
			remoteInfo = CTSports;
		};
/* End PBXContainerItemProxy section */

/* Begin PBXFileReference section */
		3653CD9D1FE5FE2E00F396CD /* email.png */ = {isa = PBXFileReference; lastKnownFileType = image.png; path = email.png; sourceTree = "<group>"; };
		3653CD9E1FE5FE2E00F396CD /* info.png */ = {isa = PBXFileReference; lastKnownFileType = image.png; path = info.png; sourceTree = "<group>"; };
		3653CDA11FE5FE4000F396CD /* lock.png */ = {isa = PBXFileReference; lastKnownFileType = image.png; path = lock.png; sourceTree = "<group>"; };
		3653CDA31FE5FE9600F396CD /* compare.png */ = {isa = PBXFileReference; lastKnownFileType = image.png; path = compare.png; sourceTree = "<group>"; };
		3653CDA51FE61D2000F396CD /* safari.png */ = {isa = PBXFileReference; lastKnownFileType = image.png; path = safari.png; sourceTree = "<group>"; };
		3653CDA71FE6E35000F396CD /* SetInfoCell.swift */ = {isa = PBXFileReference; lastKnownFileType = sourcecode.swift; path = SetInfoCell.swift; sourceTree = "<group>"; };
		366A8D8C1FE17D110082A64D /* CTSports.app */ = {isa = PBXFileReference; explicitFileType = wrapper.application; includeInIndex = 0; path = CTSports.app; sourceTree = BUILT_PRODUCTS_DIR; };
		366A8D8F1FE17D110082A64D /* AppDelegate.swift */ = {isa = PBXFileReference; lastKnownFileType = sourcecode.swift; path = AppDelegate.swift; sourceTree = "<group>"; };
		366A8D911FE17D110082A64D /* AllGamesSchduleVC.swift */ = {isa = PBXFileReference; lastKnownFileType = sourcecode.swift; path = AllGamesSchduleVC.swift; sourceTree = "<group>"; };
		366A8D931FE17D110082A64D /* SpecificGamesSchduleVC.swift */ = {isa = PBXFileReference; lastKnownFileType = sourcecode.swift; path = SpecificGamesSchduleVC.swift; sourceTree = "<group>"; };
		366A8D961FE17D110082A64D /* Base */ = {isa = PBXFileReference; lastKnownFileType = file.storyboard; name = Base; path = Base.lproj/Main.storyboard; sourceTree = "<group>"; };
		366A8D981FE17D110082A64D /* Assets.xcassets */ = {isa = PBXFileReference; lastKnownFileType = folder.assetcatalog; path = Assets.xcassets; sourceTree = "<group>"; };
		366A8D9B1FE17D110082A64D /* Base */ = {isa = PBXFileReference; lastKnownFileType = file.storyboard; name = Base; path = Base.lproj/LaunchScreen.storyboard; sourceTree = "<group>"; };
		366A8D9D1FE17D110082A64D /* Info.plist */ = {isa = PBXFileReference; lastKnownFileType = text.plist.xml; path = Info.plist; sourceTree = "<group>"; };
		366A8DA21FE17D110082A64D /* CTSportsTests.xctest */ = {isa = PBXFileReference; explicitFileType = wrapper.cfbundle; includeInIndex = 0; path = CTSportsTests.xctest; sourceTree = BUILT_PRODUCTS_DIR; };
		366A8DA61FE17D110082A64D /* CTSportsTests.swift */ = {isa = PBXFileReference; lastKnownFileType = sourcecode.swift; path = CTSportsTests.swift; sourceTree = "<group>"; };
		366A8DA81FE17D110082A64D /* Info.plist */ = {isa = PBXFileReference; lastKnownFileType = text.plist.xml; path = Info.plist; sourceTree = "<group>"; };
		366A8DAD1FE17D110082A64D /* CTSportsUITests.xctest */ = {isa = PBXFileReference; explicitFileType = wrapper.cfbundle; includeInIndex = 0; path = CTSportsUITests.xctest; sourceTree = BUILT_PRODUCTS_DIR; };
		366A8DB11FE17D110082A64D /* CTSportsUITests.swift */ = {isa = PBXFileReference; lastKnownFileType = sourcecode.swift; path = CTSportsUITests.swift; sourceTree = "<group>"; };
		366A8DB31FE17D110082A64D /* Info.plist */ = {isa = PBXFileReference; lastKnownFileType = text.plist.xml; path = Info.plist; sourceTree = "<group>"; };
		366A8DC11FE17DA50082A64D /* SportingEvent.swift */ = {isa = PBXFileReference; lastKnownFileType = sourcecode.swift; path = SportingEvent.swift; sourceTree = "<group>"; };
		366A8DC31FE17DCF0082A64D /* SportsCell.swift */ = {isa = PBXFileReference; lastKnownFileType = sourcecode.swift; path = SportsCell.swift; sourceTree = "<group>"; };
		366A8DC61FE17E050082A64D /* SportsInfoCell.swift */ = {isa = PBXFileReference; lastKnownFileType = sourcecode.swift; path = SportsInfoCell.swift; sourceTree = "<group>"; };
		366A8DC81FE17F8C0082A64D /* SportingEventVC.swift */ = {isa = PBXFileReference; lastKnownFileType = sourcecode.swift; path = SportingEventVC.swift; sourceTree = "<group>"; };
		366A8DCB1FE180560082A64D /* football.png */ = {isa = PBXFileReference; lastKnownFileType = image.png; path = football.png; sourceTree = "<group>"; };
		366A8DCC1FE180560082A64D /* footballFilled.png */ = {isa = PBXFileReference; lastKnownFileType = image.png; path = footballFilled.png; sourceTree = "<group>"; };
		366A8DCD1FE180570082A64D /* football@2x.png */ = {isa = PBXFileReference; lastKnownFileType = image.png; path = "football@2x.png"; sourceTree = "<group>"; };
		366A8DCE1FE180570082A64D /* footballFilled@2x.png */ = {isa = PBXFileReference; lastKnownFileType = image.png; path = "footballFilled@2x.png"; sourceTree = "<group>"; };
		366A8DD41FE19EB30082A64D /* NSDateExtension.swift */ = {isa = PBXFileReference; lastKnownFileType = sourcecode.swift; path = NSDateExtension.swift; sourceTree = "<group>"; };
		366A8DD61FE1A57A0082A64D /* SetSchoolVC.swift */ = {isa = PBXFileReference; lastKnownFileType = sourcecode.swift; path = SetSchoolVC.swift; sourceTree = "<group>"; };
		366A8DD81FE2DE530082A64D /* InfoVC.swift */ = {isa = PBXFileReference; lastKnownFileType = sourcecode.swift; path = InfoVC.swift; sourceTree = "<group>"; };
		366A8DDA1FE40F8C0082A64D /* UIImageViewExtension.swift */ = {isa = PBXFileReference; lastKnownFileType = sourcecode.swift; path = UIImageViewExtension.swift; sourceTree = "<group>"; };
		367B383420053DB500560F2C /* UnifiedSportsBasketball.png */ = {isa = PBXFileReference; lastKnownFileType = image.png; path = UnifiedSportsBasketball.png; sourceTree = "<group>"; };
		367B383520053DB500560F2C /* GirlsIceHockey.png */ = {isa = PBXFileReference; lastKnownFileType = image.png; path = GirlsIceHockey.png; sourceTree = "<group>"; };
		367B383620053DB500560F2C /* Bowling.png */ = {isa = PBXFileReference; lastKnownFileType = image.png; path = Bowling.png; sourceTree = "<group>"; };
		367B383720053DB500560F2C /* Practice.png */ = {isa = PBXFileReference; lastKnownFileType = image.png; path = Practice.png; sourceTree = "<group>"; };
		367B383820053DB500560F2C /* BoysWaterPolo.png */ = {isa = PBXFileReference; lastKnownFileType = image.png; path = BoysWaterPolo.png; sourceTree = "<group>"; };
		367B383920053DB500560F2C /* FieldHockey.png */ = {isa = PBXFileReference; lastKnownFileType = image.png; path = FieldHockey.png; sourceTree = "<group>"; };
		367B383A20053DB500560F2C /* BoysBadminton.png */ = {isa = PBXFileReference; lastKnownFileType = image.png; path = BoysBadminton.png; sourceTree = "<group>"; };
		367B383B20053DB500560F2C /* Band.png */ = {isa = PBXFileReference; lastKnownFileType = image.png; path = Band.png; sourceTree = "<group>"; };
		367B383C20053DB500560F2C /* GirlsCrew.png */ = {isa = PBXFileReference; lastKnownFileType = image.png; path = GirlsCrew.png; sourceTree = "<group>"; };
		367B383D20053DB500560F2C /* DebateTeam.png */ = {isa = PBXFileReference; lastKnownFileType = image.png; path = DebateTeam.png; sourceTree = "<group>"; };
		367B383E20053DB500560F2C /* GirlsAlpineSkiing.png */ = {isa = PBXFileReference; lastKnownFileType = image.png; path = GirlsAlpineSkiing.png; sourceTree = "<group>"; };
		367B383F20053DB500560F2C /* GirlsSoccer.png */ = {isa = PBXFileReference; lastKnownFileType = image.png; path = GirlsSoccer.png; sourceTree = "<group>"; };
		367B384020053DB500560F2C /* GirlsSailing.png */ = {isa = PBXFileReference; lastKnownFileType = image.png; path = GirlsSailing.png; sourceTree = "<group>"; };
		367B384120053DB500560F2C /* GirlsTennis.png */ = {isa = PBXFileReference; lastKnownFileType = image.png; path = GirlsTennis.png; sourceTree = "<group>"; };
		367B384220053DB500560F2C /* GirlsGymnastics.png */ = {isa = PBXFileReference; lastKnownFileType = image.png; path = GirlsGymnastics.png; sourceTree = "<group>"; };
		367B384320053DB500560F2C /* BoysBasketball.png */ = {isa = PBXFileReference; lastKnownFileType = image.png; path = BoysBasketball.png; sourceTree = "<group>"; };
		367B384420053DB500560F2C /* Co-edFencing.png */ = {isa = PBXFileReference; lastKnownFileType = image.png; path = "Co-edFencing.png"; sourceTree = "<group>"; };
		367B384520053DB500560F2C /* Crew.png */ = {isa = PBXFileReference; lastKnownFileType = image.png; path = Crew.png; sourceTree = "<group>"; };
		367B384620053DB500560F2C /* GirlsWaterPolo.png */ = {isa = PBXFileReference; lastKnownFileType = image.png; path = GirlsWaterPolo.png; sourceTree = "<group>"; };
		367B384720053DB500560F2C /* GirlsBadminton.png */ = {isa = PBXFileReference; lastKnownFileType = image.png; path = GirlsBadminton.png; sourceTree = "<group>"; };
		367B384820053DB500560F2C /* Cheerleading.png */ = {isa = PBXFileReference; lastKnownFileType = image.png; path = Cheerleading.png; sourceTree = "<group>"; };
		367B384920053DB500560F2C /* ColorGuard.png */ = {isa = PBXFileReference; lastKnownFileType = image.png; path = ColorGuard.png; sourceTree = "<group>"; };
		367B384A20053DB500560F2C /* BoysLacrosse.png */ = {isa = PBXFileReference; lastKnownFileType = image.png; path = BoysLacrosse.png; sourceTree = "<group>"; };
		367B384B20053DB500560F2C /* GirlsCrossCountry.png */ = {isa = PBXFileReference; lastKnownFileType = image.png; path = GirlsCrossCountry.png; sourceTree = "<group>"; };
		367B384C20053DB500560F2C /* GirlsSwimming.png */ = {isa = PBXFileReference; lastKnownFileType = image.png; path = GirlsSwimming.png; sourceTree = "<group>"; };
		367B384D20053DB500560F2C /* BoysOutdoorTrack.png */ = {isa = PBXFileReference; lastKnownFileType = image.png; path = BoysOutdoorTrack.png; sourceTree = "<group>"; };
		367B384E20053DB500560F2C /* BoysIceHockey.png */ = {isa = PBXFileReference; lastKnownFileType = image.png; path = BoysIceHockey.png; sourceTree = "<group>"; };
		367B384F20053DB500560F2C /* GirlsBasketball.png */ = {isa = PBXFileReference; lastKnownFileType = image.png; path = GirlsBasketball.png; sourceTree = "<group>"; };
		367B385020053DB500560F2C /* Co-edAlpineSkiing.png */ = {isa = PBXFileReference; lastKnownFileType = image.png; path = "Co-edAlpineSkiing.png"; sourceTree = "<group>"; };
		367B385120053DB500560F2C /* Chorus.png */ = {isa = PBXFileReference; lastKnownFileType = image.png; path = Chorus.png; sourceTree = "<group>"; };
		367B385220053DB500560F2C /* BoysSailing.png */ = {isa = PBXFileReference; lastKnownFileType = image.png; path = BoysSailing.png; sourceTree = "<group>"; };
		367B385320053DB500560F2C /* DanceTeam.png */ = {isa = PBXFileReference; lastKnownFileType = image.png; path = DanceTeam.png; sourceTree = "<group>"; };
		367B385420053DB500560F2C /* Co-edCrew.png */ = {isa = PBXFileReference; lastKnownFileType = image.png; path = "Co-edCrew.png"; sourceTree = "<group>"; };
		367B385520053DB500560F2C /* MathTeam.png */ = {isa = PBXFileReference; lastKnownFileType = image.png; path = MathTeam.png; sourceTree = "<group>"; };
		367B385620053DB500560F2C /* Co-edRifle.png */ = {isa = PBXFileReference; lastKnownFileType = image.png; path = "Co-edRifle.png"; sourceTree = "<group>"; };
		367B385720053DB500560F2C /* UnifiedSportsTrack.png */ = {isa = PBXFileReference; lastKnownFileType = image.png; path = UnifiedSportsTrack.png; sourceTree = "<group>"; };
		367B385820053DB500560F2C /* UnifiedSportsSoccer.png */ = {isa = PBXFileReference; lastKnownFileType = image.png; path = UnifiedSportsSoccer.png; sourceTree = "<group>"; };
		367B385920053DB500560F2C /* ChessTeam.png */ = {isa = PBXFileReference; lastKnownFileType = image.png; path = ChessTeam.png; sourceTree = "<group>"; };
		367B385A20053DB500560F2C /* BoysFencing.png */ = {isa = PBXFileReference; lastKnownFileType = image.png; path = BoysFencing.png; sourceTree = "<group>"; };
		367B385B20053DB500560F2C /* BoysVolleyball.png */ = {isa = PBXFileReference; lastKnownFileType = image.png; path = BoysVolleyball.png; sourceTree = "<group>"; };
		367B385C20053DB500560F2C /* BoysSwimming.png */ = {isa = PBXFileReference; lastKnownFileType = image.png; path = BoysSwimming.png; sourceTree = "<group>"; };
		367B385D20053DB500560F2C /* Wrestling.png */ = {isa = PBXFileReference; lastKnownFileType = image.png; path = Wrestling.png; sourceTree = "<group>"; };
		367B385E20053DB500560F2C /* GirlsLacrosse.png */ = {isa = PBXFileReference; lastKnownFileType = image.png; path = GirlsLacrosse.png; sourceTree = "<group>"; };
		367B385F20053DB500560F2C /* Co-edCrossCountrySkiing.png */ = {isa = PBXFileReference; lastKnownFileType = image.png; path = "Co-edCrossCountrySkiing.png"; sourceTree = "<group>"; };
		367B386020053DB500560F2C /* BoysRugby.png */ = {isa = PBXFileReference; lastKnownFileType = image.png; path = BoysRugby.png; sourceTree = "<group>"; };
		367B386120053DB500560F2C /* PowderpuffFootball.png */ = {isa = PBXFileReference; lastKnownFileType = image.png; path = PowderpuffFootball.png; sourceTree = "<group>"; };
		367B386220053DB500560F2C /* Baseball.png */ = {isa = PBXFileReference; lastKnownFileType = image.png; path = Baseball.png; sourceTree = "<group>"; };
		367B386320053DB500560F2C /* UnifiedSportsVolleyball.png */ = {isa = PBXFileReference; lastKnownFileType = image.png; path = UnifiedSportsVolleyball.png; sourceTree = "<group>"; };
		367B386420053DB500560F2C /* Football.png */ = {isa = PBXFileReference; lastKnownFileType = image.png; path = Football.png; sourceTree = "<group>"; };
		367B386520053DB500560F2C /* MiscellaneousEvents.png */ = {isa = PBXFileReference; lastKnownFileType = image.png; path = MiscellaneousEvents.png; sourceTree = "<group>"; };
		367B386620053DB500560F2C /* BoysAlpineSkiing.png */ = {isa = PBXFileReference; lastKnownFileType = image.png; path = BoysAlpineSkiing.png; sourceTree = "<group>"; };
		367B386720053DB500560F2C /* BoysTennis.png */ = {isa = PBXFileReference; lastKnownFileType = image.png; path = BoysTennis.png; sourceTree = "<group>"; };
		367B386820053DB500560F2C /* BoysCrossCountry.png */ = {isa = PBXFileReference; lastKnownFileType = image.png; path = BoysCrossCountry.png; sourceTree = "<group>"; };
		367B386920053DB500560F2C /* GirlsOutdoorTrack.png */ = {isa = PBXFileReference; lastKnownFileType = image.png; path = GirlsOutdoorTrack.png; sourceTree = "<group>"; };
		367B386A20053DB500560F2C /* GirlsFencing.png */ = {isa = PBXFileReference; lastKnownFileType = image.png; path = GirlsFencing.png; sourceTree = "<group>"; };
		367B386B20053DB500560F2C /* BoysSoccer.png */ = {isa = PBXFileReference; lastKnownFileType = image.png; path = BoysSoccer.png; sourceTree = "<group>"; };
		367B386C20053DB500560F2C /* GirlsIndoorTrack.png */ = {isa = PBXFileReference; lastKnownFileType = image.png; path = GirlsIndoorTrack.png; sourceTree = "<group>"; };
		367B386D20053DB500560F2C /* SchoolHolidaysandClosings.png */ = {isa = PBXFileReference; lastKnownFileType = image.png; path = SchoolHolidaysandClosings.png; sourceTree = "<group>"; };
		367B386E20053DB500560F2C /* Co-edSailing.png */ = {isa = PBXFileReference; lastKnownFileType = image.png; path = "Co-edSailing.png"; sourceTree = "<group>"; };
		367B386F20053DB500560F2C /* Softball.png */ = {isa = PBXFileReference; lastKnownFileType = image.png; path = Softball.png; sourceTree = "<group>"; };
		367B387020053DB500560F2C /* GirlsVolleyball.png */ = {isa = PBXFileReference; lastKnownFileType = image.png; path = GirlsVolleyball.png; sourceTree = "<group>"; };
		367B387120053DB500560F2C /* BoysIndoorTrack.png */ = {isa = PBXFileReference; lastKnownFileType = image.png; path = BoysIndoorTrack.png; sourceTree = "<group>"; };
		367B387220053DB500560F2C /* BoysGolf.png */ = {isa = PBXFileReference; lastKnownFileType = image.png; path = BoysGolf.png; sourceTree = "<group>"; };
		367B387320053DB500560F2C /* Pom-Pom.png */ = {isa = PBXFileReference; lastKnownFileType = image.png; path = "Pom-Pom.png"; sourceTree = "<group>"; };
		367B387420053DB500560F2C /* Drumline.png */ = {isa = PBXFileReference; lastKnownFileType = image.png; path = Drumline.png; sourceTree = "<group>"; };
		367B387520053DB500560F2C /* GirlsGolf.png */ = {isa = PBXFileReference; lastKnownFileType = image.png; path = GirlsGolf.png; sourceTree = "<group>"; };
		367B38B820065E7000560F2C /* BoysCrew.png */ = {isa = PBXFileReference; lastKnownFileType = image.png; path = BoysCrew.png; sourceTree = "<group>"; };
		367B38BB2007175300560F2C /* SF Collegiate Solid.ttf */ = {isa = PBXFileReference; lastKnownFileType = file; path = "SF Collegiate Solid.ttf"; sourceTree = "<group>"; };
		367B38BC2007175600560F2C /* SF Collegiate Solid Bold.ttf */ = {isa = PBXFileReference; lastKnownFileType = file; path = "SF Collegiate Solid Bold.ttf"; sourceTree = "<group>"; };
		367B38BD2007175A00560F2C /* SF Collegiate.ttf */ = {isa = PBXFileReference; lastKnownFileType = file; path = "SF Collegiate.ttf"; sourceTree = "<group>"; };
		367B38BE2007175D00560F2C /* SF Collegiate Italic.ttf */ = {isa = PBXFileReference; lastKnownFileType = file; path = "SF Collegiate Italic.ttf"; sourceTree = "<group>"; };
		367B38BF2007176000560F2C /* SF Collegiate Solid Bold Italic.ttf */ = {isa = PBXFileReference; lastKnownFileType = file; path = "SF Collegiate Solid Bold Italic.ttf"; sourceTree = "<group>"; };
		367B38C02007176300560F2C /* SF Collegiate Solid Italic.ttf */ = {isa = PBXFileReference; lastKnownFileType = file; path = "SF Collegiate Solid Italic.ttf"; sourceTree = "<group>"; };
		367B38C72007218900560F2C /* GirlsSquash.png */ = {isa = PBXFileReference; lastKnownFileType = image.png; path = GirlsSquash.png; sourceTree = "<group>"; };
		367B38C92007219B00560F2C /* BoysSquash.png */ = {isa = PBXFileReference; lastKnownFileType = image.png; path = BoysSquash.png; sourceTree = "<group>"; };
		367B38CB200721A700560F2C /* Co-edSquash.png */ = {isa = PBXFileReference; lastKnownFileType = image.png; path = "Co-edSquash.png"; sourceTree = "<group>"; };
		368D7E861FE6E8DA000BE5D4 /* setting@2x.png */ = {isa = PBXFileReference; lastKnownFileType = image.png; path = "setting@2x.png"; sourceTree = "<group>"; };
		368D7E8A1FE6EA18000BE5D4 /* CIAC.png */ = {isa = PBXFileReference; lastKnownFileType = image.png; path = CIAC.png; sourceTree = "<group>"; };
		368D7E8C1FE6EA1E000BE5D4 /* CIACsmall.png */ = {isa = PBXFileReference; lastKnownFileType = image.png; path = CIACsmall.png; sourceTree = "<group>"; };
		368D7E8E1FE7809C000BE5D4 /* AboutVC.swift */ = {isa = PBXFileReference; lastKnownFileType = sourcecode.swift; path = AboutVC.swift; sourceTree = "<group>"; };
		36ACF2C11FE8A98C007BE150 /* SetSportVC.swift */ = {isa = PBXFileReference; lastKnownFileType = sourcecode.swift; path = SetSportVC.swift; sourceTree = "<group>"; };
		36ACF2C31FE98E59007BE150 /* StringExtension.swift */ = {isa = PBXFileReference; lastKnownFileType = sourcecode.swift; path = StringExtension.swift; sourceTree = "<group>"; };
		36F8C3032010498E00B136EA /* colorsDict.swift */ = {isa = PBXFileReference; lastKnownFileType = sourcecode.swift; path = colorsDict.swift; sourceTree = "<group>"; };
		3EA21579716148E53016E177 /* Pods-CTSports.debug.xcconfig */ = {isa = PBXFileReference; includeInIndex = 1; lastKnownFileType = text.xcconfig; name = "Pods-CTSports.debug.xcconfig"; path = "Pods/Target Support Files/Pods-CTSports/Pods-CTSports.debug.xcconfig"; sourceTree = "<group>"; };
		496F4F5D1FE7FC9C00799E40 /* sports.txt */ = {isa = PBXFileReference; fileEncoding = 4; lastKnownFileType = text; path = sports.txt; sourceTree = "<group>"; };
		499CA84B1FF8A46F006FC328 /* Settings-50.png */ = {isa = PBXFileReference; lastKnownFileType = image.png; name = "Settings-50.png"; path = "../../../../KnowSnow/KnowSnow/Graphics/Settings-50.png"; sourceTree = "<group>"; };
		499CA84D1FF8A812006FC328 /* DefaultSportCell.swift */ = {isa = PBXFileReference; lastKnownFileType = sourcecode.swift; path = DefaultSportCell.swift; sourceTree = "<group>"; };
		499CA84F1FF8A939006FC328 /* DefaultSportingEvent.swift */ = {isa = PBXFileReference; lastKnownFileType = sourcecode.swift; path = DefaultSportingEvent.swift; sourceTree = "<group>"; };
		499CA8511FF8A9BF006FC328 /* DefaultSportsVC.swift */ = {isa = PBXFileReference; lastKnownFileType = sourcecode.swift; path = DefaultSportsVC.swift; sourceTree = "<group>"; };
		49A321D11FE7F07700074A36 /* schoolcodes.txt */ = {isa = PBXFileReference; fileEncoding = 4; lastKnownFileType = text; path = schoolcodes.txt; sourceTree = "<group>"; };
		49B502CD2004636F00EAF53E /* InitialInstallViewController.swift */ = {isa = PBXFileReference; lastKnownFileType = sourcecode.swift; path = InitialInstallViewController.swift; sourceTree = "<group>"; };
		49B502D120047F1100EAF53E /* PreviousVCExtension.swift */ = {isa = PBXFileReference; lastKnownFileType = sourcecode.swift; path = PreviousVCExtension.swift; sourceTree = "<group>"; };
		49CDAADA1FE84890005475FB /* SequenceExtension.swift */ = {isa = PBXFileReference; lastKnownFileType = sourcecode.swift; path = SequenceExtension.swift; sourceTree = "<group>"; };
		49CDAADC1FE8A58D005475FB /* NetworkManager.swift */ = {isa = PBXFileReference; lastKnownFileType = sourcecode.swift; path = NetworkManager.swift; sourceTree = "<group>"; };
		49CDAADE1FE8B604005475FB /* ArrayExtension.swift */ = {isa = PBXFileReference; lastKnownFileType = sourcecode.swift; path = ArrayExtension.swift; sourceTree = "<group>"; };
		523707198B992B39CBCDA703 /* Pods_CTSportsUITests.framework */ = {isa = PBXFileReference; explicitFileType = wrapper.framework; includeInIndex = 0; path = Pods_CTSportsUITests.framework; sourceTree = BUILT_PRODUCTS_DIR; };
		5A6C2D756DC7B453E2B5C396 /* Pods-CTSportsUITests.release.xcconfig */ = {isa = PBXFileReference; includeInIndex = 1; lastKnownFileType = text.xcconfig; name = "Pods-CTSportsUITests.release.xcconfig"; path = "Pods/Target Support Files/Pods-CTSportsUITests/Pods-CTSportsUITests.release.xcconfig"; sourceTree = "<group>"; };
		6E285C430659210FCFFFB9B5 /* Pods_CTSportsTests.framework */ = {isa = PBXFileReference; explicitFileType = wrapper.framework; includeInIndex = 0; path = Pods_CTSportsTests.framework; sourceTree = BUILT_PRODUCTS_DIR; };
		775C2D957696444EF8E36883 /* Pods-CTSportsTests.release.xcconfig */ = {isa = PBXFileReference; includeInIndex = 1; lastKnownFileType = text.xcconfig; name = "Pods-CTSportsTests.release.xcconfig"; path = "Pods/Target Support Files/Pods-CTSportsTests/Pods-CTSportsTests.release.xcconfig"; sourceTree = "<group>"; };
		7E4FF90036102BF67BEF0A64 /* Pods_CTSports.framework */ = {isa = PBXFileReference; explicitFileType = wrapper.framework; includeInIndex = 0; path = Pods_CTSports.framework; sourceTree = BUILT_PRODUCTS_DIR; };
		8CE4E15D42B984ABD23749BC /* Pods-CTSports.release.xcconfig */ = {isa = PBXFileReference; includeInIndex = 1; lastKnownFileType = text.xcconfig; name = "Pods-CTSports.release.xcconfig"; path = "Pods/Target Support Files/Pods-CTSports/Pods-CTSports.release.xcconfig"; sourceTree = "<group>"; };
		CD2E68AAAEC3BF49428F5BD0 /* Pods-CTSportsUITests.debug.xcconfig */ = {isa = PBXFileReference; includeInIndex = 1; lastKnownFileType = text.xcconfig; name = "Pods-CTSportsUITests.debug.xcconfig"; path = "Pods/Target Support Files/Pods-CTSportsUITests/Pods-CTSportsUITests.debug.xcconfig"; sourceTree = "<group>"; };
		F94F64A7F7110AAD19DC25BA /* Pods-CTSportsTests.debug.xcconfig */ = {isa = PBXFileReference; includeInIndex = 1; lastKnownFileType = text.xcconfig; name = "Pods-CTSportsTests.debug.xcconfig"; path = "Pods/Target Support Files/Pods-CTSportsTests/Pods-CTSportsTests.debug.xcconfig"; sourceTree = "<group>"; };
/* End PBXFileReference section */

/* Begin PBXFrameworksBuildPhase section */
		366A8D891FE17D110082A64D /* Frameworks */ = {
			isa = PBXFrameworksBuildPhase;
			buildActionMask = 2147483647;
			files = (
				671D8B5DB841DDD1D0139001 /* Pods_CTSports.framework in Frameworks */,
			);
			runOnlyForDeploymentPostprocessing = 0;
		};
		366A8D9F1FE17D110082A64D /* Frameworks */ = {
			isa = PBXFrameworksBuildPhase;
			buildActionMask = 2147483647;
			files = (
				0644388B57B33995EA23483A /* Pods_CTSportsTests.framework in Frameworks */,
			);
			runOnlyForDeploymentPostprocessing = 0;
		};
		366A8DAA1FE17D110082A64D /* Frameworks */ = {
			isa = PBXFrameworksBuildPhase;
			buildActionMask = 2147483647;
			files = (
				C55D30FF75744F7CFB0C8F47 /* Pods_CTSportsUITests.framework in Frameworks */,
			);
			runOnlyForDeploymentPostprocessing = 0;
		};
/* End PBXFrameworksBuildPhase section */

/* Begin PBXGroup section */
		366A8D831FE17D110082A64D = {
			isa = PBXGroup;
			children = (
				366A8D8E1FE17D110082A64D /* CTSports */,
				366A8DA51FE17D110082A64D /* CTSportsTests */,
				366A8DB01FE17D110082A64D /* CTSportsUITests */,
				366A8D8D1FE17D110082A64D /* Products */,
				CE7C35BDA88728633C34520E /* Pods */,
				4496378FA81FCE1567B785E1 /* Frameworks */,
			);
			sourceTree = "<group>";
			tabWidth = 3;
		};
		366A8D8D1FE17D110082A64D /* Products */ = {
			isa = PBXGroup;
			children = (
				366A8D8C1FE17D110082A64D /* CTSports.app */,
				366A8DA21FE17D110082A64D /* CTSportsTests.xctest */,
				366A8DAD1FE17D110082A64D /* CTSportsUITests.xctest */,
			);
			name = Products;
			sourceTree = "<group>";
		};
		366A8D8E1FE17D110082A64D /* CTSports */ = {
			isa = PBXGroup;
			children = (
				366A8D8F1FE17D110082A64D /* AppDelegate.swift */,
				367B38BA2007174200560F2C /* Resources */,
				366A8DD31FE19E8E0082A64D /* Utilities */,
				366A8DC51FE17DE20082A64D /* Views */,
				366A8DC01FE17D9A0082A64D /* Models */,
				366A8DBF1FE17D380082A64D /* Controllers */,
				366A8D981FE17D110082A64D /* Assets.xcassets */,
				366A8DCA1FE180470082A64D /* Graphics */,
				366A8D9D1FE17D110082A64D /* Info.plist */,
			);
			path = CTSports;
			sourceTree = "<group>";
		};
		366A8DA51FE17D110082A64D /* CTSportsTests */ = {
			isa = PBXGroup;
			children = (
				366A8DA61FE17D110082A64D /* CTSportsTests.swift */,
				366A8DA81FE17D110082A64D /* Info.plist */,
			);
			path = CTSportsTests;
			sourceTree = "<group>";
		};
		366A8DB01FE17D110082A64D /* CTSportsUITests */ = {
			isa = PBXGroup;
			children = (
				366A8DB11FE17D110082A64D /* CTSportsUITests.swift */,
				366A8DB31FE17D110082A64D /* Info.plist */,
			);
			path = CTSportsUITests;
			sourceTree = "<group>";
		};
		366A8DBF1FE17D380082A64D /* Controllers */ = {
			isa = PBXGroup;
			children = (
				49A321D11FE7F07700074A36 /* schoolcodes.txt */,
				496F4F5D1FE7FC9C00799E40 /* sports.txt */,
				366A8D911FE17D110082A64D /* AllGamesSchduleVC.swift */,
				366A8DD61FE1A57A0082A64D /* SetSchoolVC.swift */,
				36ACF2C11FE8A98C007BE150 /* SetSportVC.swift */,
				368D7E8E1FE7809C000BE5D4 /* AboutVC.swift */,
				366A8DD81FE2DE530082A64D /* InfoVC.swift */,
				366A8D931FE17D110082A64D /* SpecificGamesSchduleVC.swift */,
				366A8DC81FE17F8C0082A64D /* SportingEventVC.swift */,
				499CA8511FF8A9BF006FC328 /* DefaultSportsVC.swift */,
				49B502CD2004636F00EAF53E /* InitialInstallViewController.swift */,
			);
			path = Controllers;
			sourceTree = "<group>";
		};
		366A8DC01FE17D9A0082A64D /* Models */ = {
			isa = PBXGroup;
			children = (
				366A8DC11FE17DA50082A64D /* SportingEvent.swift */,
				49CDAADC1FE8A58D005475FB /* NetworkManager.swift */,
				499CA84F1FF8A939006FC328 /* DefaultSportingEvent.swift */,
			);
			path = Models;
			sourceTree = "<group>";
		};
		366A8DC51FE17DE20082A64D /* Views */ = {
			isa = PBXGroup;
			children = (
				366A8DC31FE17DCF0082A64D /* SportsCell.swift */,
				366A8DC61FE17E050082A64D /* SportsInfoCell.swift */,
				3653CDA71FE6E35000F396CD /* SetInfoCell.swift */,
				366A8D951FE17D110082A64D /* Main.storyboard */,
				366A8D9A1FE17D110082A64D /* LaunchScreen.storyboard */,
				499CA84D1FF8A812006FC328 /* DefaultSportCell.swift */,
			);
			path = Views;
			sourceTree = "<group>";
		};
		366A8DCA1FE180470082A64D /* Graphics */ = {
			isa = PBXGroup;
			children = (
				499CA84B1FF8A46F006FC328 /* Settings-50.png */,
				3653CDA31FE5FE9600F396CD /* compare.png */,
				368D7E861FE6E8DA000BE5D4 /* setting@2x.png */,
				3653CD9D1FE5FE2E00F396CD /* email.png */,
				3653CDA51FE61D2000F396CD /* safari.png */,
				3653CD9E1FE5FE2E00F396CD /* info.png */,
				3653CDA11FE5FE4000F396CD /* lock.png */,
				368D7E8C1FE6EA1E000BE5D4 /* CIACsmall.png */,
				368D7E8A1FE6EA18000BE5D4 /* CIAC.png */,
				366A8DCB1FE180560082A64D /* football.png */,
				366A8DCD1FE180570082A64D /* football@2x.png */,
				366A8DCC1FE180560082A64D /* footballFilled.png */,
				366A8DCE1FE180570082A64D /* footballFilled@2x.png */,
				367B383320053DB500560F2C /* CT SPORTS sport logos */,
			);
			path = Graphics;
			sourceTree = "<group>";
		};
		366A8DD31FE19E8E0082A64D /* Utilities */ = {
			isa = PBXGroup;
			children = (
				366A8DD41FE19EB30082A64D /* NSDateExtension.swift */,
				36F8C3032010498E00B136EA /* colorsDict.swift */,
				366A8DDA1FE40F8C0082A64D /* UIImageViewExtension.swift */,
				49CDAADA1FE84890005475FB /* SequenceExtension.swift */,
				49CDAADE1FE8B604005475FB /* ArrayExtension.swift */,
				36ACF2C31FE98E59007BE150 /* StringExtension.swift */,
				49B502D120047F1100EAF53E /* PreviousVCExtension.swift */,
			);
			path = Utilities;
			sourceTree = "<group>";
		};
		367B383320053DB500560F2C /* CT SPORTS sport logos */ = {
			isa = PBXGroup;
			children = (
				367B383420053DB500560F2C /* UnifiedSportsBasketball.png */,
				367B383520053DB500560F2C /* GirlsIceHockey.png */,
				367B383620053DB500560F2C /* Bowling.png */,
				367B383720053DB500560F2C /* Practice.png */,
				367B383820053DB500560F2C /* BoysWaterPolo.png */,
				367B383920053DB500560F2C /* FieldHockey.png */,
				367B383A20053DB500560F2C /* BoysBadminton.png */,
				367B383B20053DB500560F2C /* Band.png */,
				367B383C20053DB500560F2C /* GirlsCrew.png */,
				367B383D20053DB500560F2C /* DebateTeam.png */,
				367B383E20053DB500560F2C /* GirlsAlpineSkiing.png */,
				367B383F20053DB500560F2C /* GirlsSoccer.png */,
				367B384020053DB500560F2C /* GirlsSailing.png */,
				367B384120053DB500560F2C /* GirlsTennis.png */,
				367B384220053DB500560F2C /* GirlsGymnastics.png */,
				367B38CB200721A700560F2C /* Co-edSquash.png */,
				367B38C92007219B00560F2C /* BoysSquash.png */,
				367B38C72007218900560F2C /* GirlsSquash.png */,
				367B384320053DB500560F2C /* BoysBasketball.png */,
				367B384420053DB500560F2C /* Co-edFencing.png */,
				367B384520053DB500560F2C /* Crew.png */,
				367B384620053DB500560F2C /* GirlsWaterPolo.png */,
				367B384720053DB500560F2C /* GirlsBadminton.png */,
				367B384820053DB500560F2C /* Cheerleading.png */,
				367B384920053DB500560F2C /* ColorGuard.png */,
				367B384A20053DB500560F2C /* BoysLacrosse.png */,
				367B384B20053DB500560F2C /* GirlsCrossCountry.png */,
				367B384C20053DB500560F2C /* GirlsSwimming.png */,
				367B384D20053DB500560F2C /* BoysOutdoorTrack.png */,
				367B384E20053DB500560F2C /* BoysIceHockey.png */,
				367B384F20053DB500560F2C /* GirlsBasketball.png */,
				367B385020053DB500560F2C /* Co-edAlpineSkiing.png */,
				367B385120053DB500560F2C /* Chorus.png */,
				367B385220053DB500560F2C /* BoysSailing.png */,
				367B385320053DB500560F2C /* DanceTeam.png */,
				367B385420053DB500560F2C /* Co-edCrew.png */,
				367B385520053DB500560F2C /* MathTeam.png */,
				367B385620053DB500560F2C /* Co-edRifle.png */,
				367B385720053DB500560F2C /* UnifiedSportsTrack.png */,
				367B385820053DB500560F2C /* UnifiedSportsSoccer.png */,
				367B385920053DB500560F2C /* ChessTeam.png */,
				367B385A20053DB500560F2C /* BoysFencing.png */,
				367B385B20053DB500560F2C /* BoysVolleyball.png */,
				367B385C20053DB500560F2C /* BoysSwimming.png */,
				367B385D20053DB500560F2C /* Wrestling.png */,
				367B385E20053DB500560F2C /* GirlsLacrosse.png */,
				367B385F20053DB500560F2C /* Co-edCrossCountrySkiing.png */,
				367B386020053DB500560F2C /* BoysRugby.png */,
				367B386120053DB500560F2C /* PowderpuffFootball.png */,
				367B386220053DB500560F2C /* Baseball.png */,
				367B386320053DB500560F2C /* UnifiedSportsVolleyball.png */,
				367B38B820065E7000560F2C /* BoysCrew.png */,
				367B386420053DB500560F2C /* Football.png */,
				367B386520053DB500560F2C /* MiscellaneousEvents.png */,
				367B386620053DB500560F2C /* BoysAlpineSkiing.png */,
				367B386720053DB500560F2C /* BoysTennis.png */,
				367B386820053DB500560F2C /* BoysCrossCountry.png */,
				367B386920053DB500560F2C /* GirlsOutdoorTrack.png */,
				367B386A20053DB500560F2C /* GirlsFencing.png */,
				367B386B20053DB500560F2C /* BoysSoccer.png */,
				367B386C20053DB500560F2C /* GirlsIndoorTrack.png */,
				367B386D20053DB500560F2C /* SchoolHolidaysandClosings.png */,
				367B386E20053DB500560F2C /* Co-edSailing.png */,
				367B386F20053DB500560F2C /* Softball.png */,
				367B387020053DB500560F2C /* GirlsVolleyball.png */,
				367B387120053DB500560F2C /* BoysIndoorTrack.png */,
				367B387220053DB500560F2C /* BoysGolf.png */,
				367B387320053DB500560F2C /* Pom-Pom.png */,
				367B387420053DB500560F2C /* Drumline.png */,
				367B387520053DB500560F2C /* GirlsGolf.png */,
			);
			path = "CT SPORTS sport logos";
			sourceTree = "<group>";
		};
		367B38BA2007174200560F2C /* Resources */ = {
			isa = PBXGroup;
			children = (
				367B38BE2007175D00560F2C /* SF Collegiate Italic.ttf */,
				367B38BF2007176000560F2C /* SF Collegiate Solid Bold Italic.ttf */,
				367B38BC2007175600560F2C /* SF Collegiate Solid Bold.ttf */,
				367B38C02007176300560F2C /* SF Collegiate Solid Italic.ttf */,
				367B38BB2007175300560F2C /* SF Collegiate Solid.ttf */,
				367B38BD2007175A00560F2C /* SF Collegiate.ttf */,
			);
			path = Resources;
			sourceTree = "<group>";
		};
		4496378FA81FCE1567B785E1 /* Frameworks */ = {
			isa = PBXGroup;
			children = (
				7E4FF90036102BF67BEF0A64 /* Pods_CTSports.framework */,
				6E285C430659210FCFFFB9B5 /* Pods_CTSportsTests.framework */,
				523707198B992B39CBCDA703 /* Pods_CTSportsUITests.framework */,
			);
			name = Frameworks;
			sourceTree = "<group>";
		};
		CE7C35BDA88728633C34520E /* Pods */ = {
			isa = PBXGroup;
			children = (
				3EA21579716148E53016E177 /* Pods-CTSports.debug.xcconfig */,
				8CE4E15D42B984ABD23749BC /* Pods-CTSports.release.xcconfig */,
				F94F64A7F7110AAD19DC25BA /* Pods-CTSportsTests.debug.xcconfig */,
				775C2D957696444EF8E36883 /* Pods-CTSportsTests.release.xcconfig */,
				CD2E68AAAEC3BF49428F5BD0 /* Pods-CTSportsUITests.debug.xcconfig */,
				5A6C2D756DC7B453E2B5C396 /* Pods-CTSportsUITests.release.xcconfig */,
			);
			name = Pods;
			sourceTree = "<group>";
		};
/* End PBXGroup section */

/* Begin PBXNativeTarget section */
		366A8D8B1FE17D110082A64D /* CTSports */ = {
			isa = PBXNativeTarget;
			buildConfigurationList = 366A8DB61FE17D110082A64D /* Build configuration list for PBXNativeTarget "CTSports" */;
			buildPhases = (
				9EFC5B011FA679E743766608 /* [CP] Check Pods Manifest.lock */,
				366A8D881FE17D110082A64D /* Sources */,
				366A8D891FE17D110082A64D /* Frameworks */,
				366A8D8A1FE17D110082A64D /* Resources */,
				E143FB1E1A1AFB6DCBB6F084 /* [CP] Embed Pods Frameworks */,
				6A7EC641A7AD3FA24FC76978 /* [CP] Copy Pods Resources */,
			);
			buildRules = (
			);
			dependencies = (
			);
			name = CTSports;
			productName = CTSports;
			productReference = 366A8D8C1FE17D110082A64D /* CTSports.app */;
			productType = "com.apple.product-type.application";
		};
		366A8DA11FE17D110082A64D /* CTSportsTests */ = {
			isa = PBXNativeTarget;
			buildConfigurationList = 366A8DB91FE17D110082A64D /* Build configuration list for PBXNativeTarget "CTSportsTests" */;
			buildPhases = (
				CC935591E62658538D075BE8 /* [CP] Check Pods Manifest.lock */,
				366A8D9E1FE17D110082A64D /* Sources */,
				366A8D9F1FE17D110082A64D /* Frameworks */,
				366A8DA01FE17D110082A64D /* Resources */,
				580389FEA8CD3DDE222DBC82 /* [CP] Embed Pods Frameworks */,
				9B66DC96DFDF7FAD3275192D /* [CP] Copy Pods Resources */,
			);
			buildRules = (
			);
			dependencies = (
				366A8DA41FE17D110082A64D /* PBXTargetDependency */,
			);
			name = CTSportsTests;
			productName = CTSportsTests;
			productReference = 366A8DA21FE17D110082A64D /* CTSportsTests.xctest */;
			productType = "com.apple.product-type.bundle.unit-test";
		};
		366A8DAC1FE17D110082A64D /* CTSportsUITests */ = {
			isa = PBXNativeTarget;
			buildConfigurationList = 366A8DBC1FE17D110082A64D /* Build configuration list for PBXNativeTarget "CTSportsUITests" */;
			buildPhases = (
				AD6B7F299871F9DD134D5318 /* [CP] Check Pods Manifest.lock */,
				366A8DA91FE17D110082A64D /* Sources */,
				366A8DAA1FE17D110082A64D /* Frameworks */,
				366A8DAB1FE17D110082A64D /* Resources */,
				316C84B870892D02A0269883 /* [CP] Embed Pods Frameworks */,
				7EFAA4A43FFEB8389EF2316C /* [CP] Copy Pods Resources */,
			);
			buildRules = (
			);
			dependencies = (
				366A8DAF1FE17D110082A64D /* PBXTargetDependency */,
			);
			name = CTSportsUITests;
			productName = CTSportsUITests;
			productReference = 366A8DAD1FE17D110082A64D /* CTSportsUITests.xctest */;
			productType = "com.apple.product-type.bundle.ui-testing";
		};
/* End PBXNativeTarget section */

/* Begin PBXProject section */
		366A8D841FE17D110082A64D /* Project object */ = {
			isa = PBXProject;
			attributes = {
				LastSwiftUpdateCheck = 0910;
				LastUpgradeCheck = 0910;
				ORGANIZATIONNAME = "Neal Soni";
				TargetAttributes = {
					366A8D8B1FE17D110082A64D = {
						CreatedOnToolsVersion = 9.1;
						ProvisioningStyle = Automatic;
					};
					366A8DA11FE17D110082A64D = {
						CreatedOnToolsVersion = 9.1;
						ProvisioningStyle = Automatic;
						TestTargetID = 366A8D8B1FE17D110082A64D;
					};
					366A8DAC1FE17D110082A64D = {
						CreatedOnToolsVersion = 9.1;
						ProvisioningStyle = Automatic;
						TestTargetID = 366A8D8B1FE17D110082A64D;
					};
				};
			};
			buildConfigurationList = 366A8D871FE17D110082A64D /* Build configuration list for PBXProject "CTSports" */;
			compatibilityVersion = "Xcode 8.0";
			developmentRegion = en;
			hasScannedForEncodings = 0;
			knownRegions = (
				en,
				Base,
			);
			mainGroup = 366A8D831FE17D110082A64D;
			productRefGroup = 366A8D8D1FE17D110082A64D /* Products */;
			projectDirPath = "";
			projectRoot = "";
			targets = (
				366A8D8B1FE17D110082A64D /* CTSports */,
				366A8DA11FE17D110082A64D /* CTSportsTests */,
				366A8DAC1FE17D110082A64D /* CTSportsUITests */,
			);
		};
/* End PBXProject section */

/* Begin PBXResourcesBuildPhase section */
		366A8D8A1FE17D110082A64D /* Resources */ = {
			isa = PBXResourcesBuildPhase;
			buildActionMask = 2147483647;
			files = (
				367B389720053DB500560F2C /* MathTeam.png in Resources */,
				367B38AD20053DB500560F2C /* BoysSoccer.png in Resources */,
				367B38C62007178500560F2C /* SF Collegiate Italic.ttf in Resources */,
				367B38AA20053DB500560F2C /* BoysCrossCountry.png in Resources */,
				367B388720053DB500560F2C /* Crew.png in Resources */,
				367B389420053DB500560F2C /* BoysSailing.png in Resources */,
				367B389920053DB500560F2C /* UnifiedSportsTrack.png in Resources */,
				367B38AF20053DB500560F2C /* SchoolHolidaysandClosings.png in Resources */,
				366A8DD21FE180570082A64D /* footballFilled@2x.png in Resources */,
				367B387B20053DB500560F2C /* FieldHockey.png in Resources */,
				368D7E8D1FE6EA21000BE5D4 /* CIACsmall.png in Resources */,
				366A8D9C1FE17D110082A64D /* LaunchScreen.storyboard in Resources */,
				367B38B220053DB500560F2C /* GirlsVolleyball.png in Resources */,
				367B387620053DB500560F2C /* UnifiedSportsBasketball.png in Resources */,
				367B38B720053DB500560F2C /* GirlsGolf.png in Resources */,
				367B38C22007177A00560F2C /* SF Collegiate Solid.ttf in Resources */,
				367B38B120053DB500560F2C /* Softball.png in Resources */,
				49A321D21FE7F07700074A36 /* schoolcodes.txt in Resources */,
				367B389020053DB500560F2C /* BoysIceHockey.png in Resources */,
				367B388020053DB500560F2C /* GirlsAlpineSkiing.png in Resources */,
				367B38B920065E7200560F2C /* BoysCrew.png in Resources */,
				367B389A20053DB500560F2C /* UnifiedSportsSoccer.png in Resources */,
				367B388820053DB500560F2C /* GirlsWaterPolo.png in Resources */,
				367B388D20053DB500560F2C /* GirlsCrossCountry.png in Resources */,
				367B38AE20053DB500560F2C /* GirlsIndoorTrack.png in Resources */,
				367B38CA2007219C00560F2C /* BoysSquash.png in Resources */,
				367B38C42007178000560F2C /* SF Collegiate Solid Bold.ttf in Resources */,
				367B38A420053DB500560F2C /* Baseball.png in Resources */,
				367B389F20053DB500560F2C /* Wrestling.png in Resources */,
				367B38A520053DB500560F2C /* UnifiedSportsVolleyball.png in Resources */,
				367B38AC20053DB500560F2C /* GirlsFencing.png in Resources */,
				3653CDA01FE5FE2F00F396CD /* info.png in Resources */,
				367B388620053DB500560F2C /* Co-edFencing.png in Resources */,
				367B38C12007177700560F2C /* SF Collegiate.ttf in Resources */,
				367B38B520053DB500560F2C /* Pom-Pom.png in Resources */,
				367B389820053DB500560F2C /* Co-edRifle.png in Resources */,
				367B38B620053DB500560F2C /* Drumline.png in Resources */,
				367B389D20053DB500560F2C /* BoysVolleyball.png in Resources */,
				367B389520053DB500560F2C /* DanceTeam.png in Resources */,
				367B388B20053DB500560F2C /* ColorGuard.png in Resources */,
				367B38C32007177E00560F2C /* SF Collegiate Solid Italic.ttf in Resources */,
				367B38B420053DB500560F2C /* BoysGolf.png in Resources */,
				367B388F20053DB500560F2C /* BoysOutdoorTrack.png in Resources */,
				367B38AB20053DB500560F2C /* GirlsOutdoorTrack.png in Resources */,
				367B387720053DB500560F2C /* GirlsIceHockey.png in Resources */,
				367B38C52007178200560F2C /* SF Collegiate Solid Bold Italic.ttf in Resources */,
				367B389C20053DB500560F2C /* BoysFencing.png in Resources */,
				367B38C82007218C00560F2C /* GirlsSquash.png in Resources */,
				367B387D20053DB500560F2C /* Band.png in Resources */,
				367B387F20053DB500560F2C /* DebateTeam.png in Resources */,
				367B389620053DB500560F2C /* Co-edCrew.png in Resources */,
				496F4F5E1FE7FC9C00799E40 /* sports.txt in Resources */,
				367B38A720053DB500560F2C /* MiscellaneousEvents.png in Resources */,
				366A8D991FE17D110082A64D /* Assets.xcassets in Resources */,
				367B38B020053DB500560F2C /* Co-edSailing.png in Resources */,
				367B38A320053DB500560F2C /* PowderpuffFootball.png in Resources */,
				499CA84C1FF8A46F006FC328 /* Settings-50.png in Resources */,
				367B387920053DB500560F2C /* Practice.png in Resources */,
				367B388220053DB500560F2C /* GirlsSailing.png in Resources */,
				367B38A920053DB500560F2C /* BoysTennis.png in Resources */,
				367B387C20053DB500560F2C /* BoysBadminton.png in Resources */,
				367B388C20053DB500560F2C /* BoysLacrosse.png in Resources */,
				366A8DCF1FE180570082A64D /* football.png in Resources */,
				368D7E8B1FE6EA19000BE5D4 /* CIAC.png in Resources */,
				367B387820053DB500560F2C /* Bowling.png in Resources */,
				367B388320053DB500560F2C /* GirlsTennis.png in Resources */,
				367B38A220053DB500560F2C /* BoysRugby.png in Resources */,
				367B388920053DB500560F2C /* GirlsBadminton.png in Resources */,
				367B38A020053DB500560F2C /* GirlsLacrosse.png in Resources */,
				367B389B20053DB500560F2C /* ChessTeam.png in Resources */,
				367B38A620053DB500560F2C /* Football.png in Resources */,
				367B38A820053DB500560F2C /* BoysAlpineSkiing.png in Resources */,
				367B389120053DB500560F2C /* GirlsBasketball.png in Resources */,
				3653CD9F1FE5FE2F00F396CD /* email.png in Resources */,
				368D7E871FE6E8DA000BE5D4 /* setting@2x.png in Resources */,
				367B389320053DB500560F2C /* Chorus.png in Resources */,
				3653CDA21FE5FE4000F396CD /* lock.png in Resources */,
				366A8DD01FE180570082A64D /* footballFilled.png in Resources */,
				366A8D971FE17D110082A64D /* Main.storyboard in Resources */,
				366A8DD11FE180570082A64D /* football@2x.png in Resources */,
				367B38B320053DB500560F2C /* BoysIndoorTrack.png in Resources */,
				367B389E20053DB500560F2C /* BoysSwimming.png in Resources */,
				367B38CC200721A800560F2C /* Co-edSquash.png in Resources */,
				367B388520053DB500560F2C /* BoysBasketball.png in Resources */,
				3653CDA41FE5FE9700F396CD /* compare.png in Resources */,
				367B387E20053DB500560F2C /* GirlsCrew.png in Resources */,
				367B387A20053DB500560F2C /* BoysWaterPolo.png in Resources */,
				367B388120053DB500560F2C /* GirlsSoccer.png in Resources */,
				367B389220053DB500560F2C /* Co-edAlpineSkiing.png in Resources */,
				3653CDA61FE61D2000F396CD /* safari.png in Resources */,
				367B388E20053DB500560F2C /* GirlsSwimming.png in Resources */,
				367B388A20053DB500560F2C /* Cheerleading.png in Resources */,
				367B388420053DB500560F2C /* GirlsGymnastics.png in Resources */,
				367B38A120053DB500560F2C /* Co-edCrossCountrySkiing.png in Resources */,
			);
			runOnlyForDeploymentPostprocessing = 0;
		};
		366A8DA01FE17D110082A64D /* Resources */ = {
			isa = PBXResourcesBuildPhase;
			buildActionMask = 2147483647;
			files = (
			);
			runOnlyForDeploymentPostprocessing = 0;
		};
		366A8DAB1FE17D110082A64D /* Resources */ = {
			isa = PBXResourcesBuildPhase;
			buildActionMask = 2147483647;
			files = (
			);
			runOnlyForDeploymentPostprocessing = 0;
		};
/* End PBXResourcesBuildPhase section */

/* Begin PBXShellScriptBuildPhase section */
		316C84B870892D02A0269883 /* [CP] Embed Pods Frameworks */ = {
			isa = PBXShellScriptBuildPhase;
			buildActionMask = 2147483647;
			files = (
			);
			inputPaths = (
			);
			name = "[CP] Embed Pods Frameworks";
			outputPaths = (
			);
			runOnlyForDeploymentPostprocessing = 0;
			shellPath = /bin/sh;
			shellScript = "\"${SRCROOT}/Pods/Target Support Files/Pods-CTSportsUITests/Pods-CTSportsUITests-frameworks.sh\"\n";
			showEnvVarsInLog = 0;
		};
		580389FEA8CD3DDE222DBC82 /* [CP] Embed Pods Frameworks */ = {
			isa = PBXShellScriptBuildPhase;
			buildActionMask = 2147483647;
			files = (
			);
			inputPaths = (
			);
			name = "[CP] Embed Pods Frameworks";
			outputPaths = (
			);
			runOnlyForDeploymentPostprocessing = 0;
			shellPath = /bin/sh;
			shellScript = "\"${SRCROOT}/Pods/Target Support Files/Pods-CTSportsTests/Pods-CTSportsTests-frameworks.sh\"\n";
			showEnvVarsInLog = 0;
		};
		6A7EC641A7AD3FA24FC76978 /* [CP] Copy Pods Resources */ = {
			isa = PBXShellScriptBuildPhase;
			buildActionMask = 2147483647;
			files = (
			);
			inputPaths = (
			);
			name = "[CP] Copy Pods Resources";
			outputPaths = (
			);
			runOnlyForDeploymentPostprocessing = 0;
			shellPath = /bin/sh;
			shellScript = "\"${SRCROOT}/Pods/Target Support Files/Pods-CTSports/Pods-CTSports-resources.sh\"\n";
			showEnvVarsInLog = 0;
		};
		7EFAA4A43FFEB8389EF2316C /* [CP] Copy Pods Resources */ = {
			isa = PBXShellScriptBuildPhase;
			buildActionMask = 2147483647;
			files = (
			);
			inputPaths = (
			);
			name = "[CP] Copy Pods Resources";
			outputPaths = (
			);
			runOnlyForDeploymentPostprocessing = 0;
			shellPath = /bin/sh;
			shellScript = "\"${SRCROOT}/Pods/Target Support Files/Pods-CTSportsUITests/Pods-CTSportsUITests-resources.sh\"\n";
			showEnvVarsInLog = 0;
		};
		9B66DC96DFDF7FAD3275192D /* [CP] Copy Pods Resources */ = {
			isa = PBXShellScriptBuildPhase;
			buildActionMask = 2147483647;
			files = (
			);
			inputPaths = (
			);
			name = "[CP] Copy Pods Resources";
			outputPaths = (
			);
			runOnlyForDeploymentPostprocessing = 0;
			shellPath = /bin/sh;
			shellScript = "\"${SRCROOT}/Pods/Target Support Files/Pods-CTSportsTests/Pods-CTSportsTests-resources.sh\"\n";
			showEnvVarsInLog = 0;
		};
		9EFC5B011FA679E743766608 /* [CP] Check Pods Manifest.lock */ = {
			isa = PBXShellScriptBuildPhase;
			buildActionMask = 2147483647;
			files = (
			);
			inputPaths = (
				"${PODS_PODFILE_DIR_PATH}/Podfile.lock",
				"${PODS_ROOT}/Manifest.lock",
			);
			name = "[CP] Check Pods Manifest.lock";
			outputPaths = (
				"$(DERIVED_FILE_DIR)/Pods-CTSports-checkManifestLockResult.txt",
			);
			runOnlyForDeploymentPostprocessing = 0;
			shellPath = /bin/sh;
			shellScript = "diff \"${PODS_PODFILE_DIR_PATH}/Podfile.lock\" \"${PODS_ROOT}/Manifest.lock\" > /dev/null\nif [ $? != 0 ] ; then\n    # print error to STDERR\n    echo \"error: The sandbox is not in sync with the Podfile.lock. Run 'pod install' or update your CocoaPods installation.\" >&2\n    exit 1\nfi\n# This output is used by Xcode 'outputs' to avoid re-running this script phase.\necho \"SUCCESS\" > \"${SCRIPT_OUTPUT_FILE_0}\"\n";
			showEnvVarsInLog = 0;
		};
		AD6B7F299871F9DD134D5318 /* [CP] Check Pods Manifest.lock */ = {
			isa = PBXShellScriptBuildPhase;
			buildActionMask = 2147483647;
			files = (
			);
			inputPaths = (
				"${PODS_PODFILE_DIR_PATH}/Podfile.lock",
				"${PODS_ROOT}/Manifest.lock",
			);
			name = "[CP] Check Pods Manifest.lock";
			outputPaths = (
				"$(DERIVED_FILE_DIR)/Pods-CTSportsUITests-checkManifestLockResult.txt",
			);
			runOnlyForDeploymentPostprocessing = 0;
			shellPath = /bin/sh;
			shellScript = "diff \"${PODS_PODFILE_DIR_PATH}/Podfile.lock\" \"${PODS_ROOT}/Manifest.lock\" > /dev/null\nif [ $? != 0 ] ; then\n    # print error to STDERR\n    echo \"error: The sandbox is not in sync with the Podfile.lock. Run 'pod install' or update your CocoaPods installation.\" >&2\n    exit 1\nfi\n# This output is used by Xcode 'outputs' to avoid re-running this script phase.\necho \"SUCCESS\" > \"${SCRIPT_OUTPUT_FILE_0}\"\n";
			showEnvVarsInLog = 0;
		};
		CC935591E62658538D075BE8 /* [CP] Check Pods Manifest.lock */ = {
			isa = PBXShellScriptBuildPhase;
			buildActionMask = 2147483647;
			files = (
			);
			inputPaths = (
				"${PODS_PODFILE_DIR_PATH}/Podfile.lock",
				"${PODS_ROOT}/Manifest.lock",
			);
			name = "[CP] Check Pods Manifest.lock";
			outputPaths = (
				"$(DERIVED_FILE_DIR)/Pods-CTSportsTests-checkManifestLockResult.txt",
			);
			runOnlyForDeploymentPostprocessing = 0;
			shellPath = /bin/sh;
			shellScript = "diff \"${PODS_PODFILE_DIR_PATH}/Podfile.lock\" \"${PODS_ROOT}/Manifest.lock\" > /dev/null\nif [ $? != 0 ] ; then\n    # print error to STDERR\n    echo \"error: The sandbox is not in sync with the Podfile.lock. Run 'pod install' or update your CocoaPods installation.\" >&2\n    exit 1\nfi\n# This output is used by Xcode 'outputs' to avoid re-running this script phase.\necho \"SUCCESS\" > \"${SCRIPT_OUTPUT_FILE_0}\"\n";
			showEnvVarsInLog = 0;
		};
		E143FB1E1A1AFB6DCBB6F084 /* [CP] Embed Pods Frameworks */ = {
			isa = PBXShellScriptBuildPhase;
			buildActionMask = 2147483647;
			files = (
			);
			inputPaths = (
				"${SRCROOT}/Pods/Target Support Files/Pods-CTSports/Pods-CTSports-frameworks.sh",
				"${BUILT_PRODUCTS_DIR}/Alamofire/Alamofire.framework",
				"${BUILT_PRODUCTS_DIR}/GoogleToolboxForMac/GoogleToolboxForMac.framework",
				"${BUILT_PRODUCTS_DIR}/HTMLEntities/HTMLEntities.framework",
				"${BUILT_PRODUCTS_DIR}/PopupDialog/PopupDialog.framework",
				"${BUILT_PRODUCTS_DIR}/SWXMLHash/SWXMLHash.framework",
				"${BUILT_PRODUCTS_DIR}/SwiftSpinner/SwiftSpinner.framework",
			);
			name = "[CP] Embed Pods Frameworks";
			outputPaths = (
				"${TARGET_BUILD_DIR}/${FRAMEWORKS_FOLDER_PATH}/Alamofire.framework",
				"${TARGET_BUILD_DIR}/${FRAMEWORKS_FOLDER_PATH}/GoogleToolboxForMac.framework",
				"${TARGET_BUILD_DIR}/${FRAMEWORKS_FOLDER_PATH}/HTMLEntities.framework",
				"${TARGET_BUILD_DIR}/${FRAMEWORKS_FOLDER_PATH}/PopupDialog.framework",
				"${TARGET_BUILD_DIR}/${FRAMEWORKS_FOLDER_PATH}/SWXMLHash.framework",
				"${TARGET_BUILD_DIR}/${FRAMEWORKS_FOLDER_PATH}/SwiftSpinner.framework",
			);
			runOnlyForDeploymentPostprocessing = 0;
			shellPath = /bin/sh;
			shellScript = "\"${SRCROOT}/Pods/Target Support Files/Pods-CTSports/Pods-CTSports-frameworks.sh\"\n";
			showEnvVarsInLog = 0;
		};
/* End PBXShellScriptBuildPhase section */

/* Begin PBXSourcesBuildPhase section */
		366A8D881FE17D110082A64D /* Sources */ = {
			isa = PBXSourcesBuildPhase;
			buildActionMask = 2147483647;
			files = (
				3653CDA81FE6E35000F396CD /* SetInfoCell.swift in Sources */,
				36F8C3042010498E00B136EA /* colorsDict.swift in Sources */,
				499CA8521FF8A9BF006FC328 /* DefaultSportsVC.swift in Sources */,
				366A8DC41FE17DCF0082A64D /* SportsCell.swift in Sources */,
				499CA8501FF8A939006FC328 /* DefaultSportingEvent.swift in Sources */,
				499CA84E1FF8A812006FC328 /* DefaultSportCell.swift in Sources */,
				366A8DD71FE1A57A0082A64D /* SetSchoolVC.swift in Sources */,
				366A8D941FE17D110082A64D /* SpecificGamesSchduleVC.swift in Sources */,
				366A8D901FE17D110082A64D /* AppDelegate.swift in Sources */,
				368D7E8F1FE7809C000BE5D4 /* AboutVC.swift in Sources */,
				366A8DD91FE2DE530082A64D /* InfoVC.swift in Sources */,
				366A8DC91FE17F8C0082A64D /* SportingEventVC.swift in Sources */,
				49CDAADB1FE84890005475FB /* SequenceExtension.swift in Sources */,
				366A8DDB1FE40F8C0082A64D /* UIImageViewExtension.swift in Sources */,
				36ACF2C21FE8A98C007BE150 /* SetSportVC.swift in Sources */,
				49B502D220047F1100EAF53E /* PreviousVCExtension.swift in Sources */,
				366A8DD51FE19EB30082A64D /* NSDateExtension.swift in Sources */,
				49CDAADF1FE8B604005475FB /* ArrayExtension.swift in Sources */,
				366A8DC21FE17DA50082A64D /* SportingEvent.swift in Sources */,
				36ACF2C41FE98E59007BE150 /* StringExtension.swift in Sources */,
				49CDAADD1FE8A58D005475FB /* NetworkManager.swift in Sources */,
				49B502CE2004636F00EAF53E /* InitialInstallViewController.swift in Sources */,
				366A8DC71FE17E050082A64D /* SportsInfoCell.swift in Sources */,
				366A8D921FE17D110082A64D /* AllGamesSchduleVC.swift in Sources */,
			);
			runOnlyForDeploymentPostprocessing = 0;
		};
		366A8D9E1FE17D110082A64D /* Sources */ = {
			isa = PBXSourcesBuildPhase;
			buildActionMask = 2147483647;
			files = (
				366A8DA71FE17D110082A64D /* CTSportsTests.swift in Sources */,
			);
			runOnlyForDeploymentPostprocessing = 0;
		};
		366A8DA91FE17D110082A64D /* Sources */ = {
			isa = PBXSourcesBuildPhase;
			buildActionMask = 2147483647;
			files = (
				366A8DB21FE17D110082A64D /* CTSportsUITests.swift in Sources */,
			);
			runOnlyForDeploymentPostprocessing = 0;
		};
/* End PBXSourcesBuildPhase section */

/* Begin PBXTargetDependency section */
		366A8DA41FE17D110082A64D /* PBXTargetDependency */ = {
			isa = PBXTargetDependency;
			target = 366A8D8B1FE17D110082A64D /* CTSports */;
			targetProxy = 366A8DA31FE17D110082A64D /* PBXContainerItemProxy */;
		};
		366A8DAF1FE17D110082A64D /* PBXTargetDependency */ = {
			isa = PBXTargetDependency;
			target = 366A8D8B1FE17D110082A64D /* CTSports */;
			targetProxy = 366A8DAE1FE17D110082A64D /* PBXContainerItemProxy */;
		};
/* End PBXTargetDependency section */

/* Begin PBXVariantGroup section */
		366A8D951FE17D110082A64D /* Main.storyboard */ = {
			isa = PBXVariantGroup;
			children = (
				366A8D961FE17D110082A64D /* Base */,
			);
			name = Main.storyboard;
			sourceTree = "<group>";
		};
		366A8D9A1FE17D110082A64D /* LaunchScreen.storyboard */ = {
			isa = PBXVariantGroup;
			children = (
				366A8D9B1FE17D110082A64D /* Base */,
			);
			name = LaunchScreen.storyboard;
			sourceTree = "<group>";
		};
/* End PBXVariantGroup section */

/* Begin XCBuildConfiguration section */
		366A8DB41FE17D110082A64D /* Debug */ = {
			isa = XCBuildConfiguration;
			buildSettings = {
				ALWAYS_SEARCH_USER_PATHS = NO;
				CLANG_ANALYZER_NONNULL = YES;
				CLANG_ANALYZER_NUMBER_OBJECT_CONVERSION = YES_AGGRESSIVE;
				CLANG_CXX_LANGUAGE_STANDARD = "gnu++14";
				CLANG_CXX_LIBRARY = "libc++";
				CLANG_ENABLE_MODULES = YES;
				CLANG_ENABLE_OBJC_ARC = YES;
				CLANG_WARN_BLOCK_CAPTURE_AUTORELEASING = YES;
				CLANG_WARN_BOOL_CONVERSION = YES;
				CLANG_WARN_COMMA = YES;
				CLANG_WARN_CONSTANT_CONVERSION = YES;
				CLANG_WARN_DIRECT_OBJC_ISA_USAGE = YES_ERROR;
				CLANG_WARN_DOCUMENTATION_COMMENTS = YES;
				CLANG_WARN_EMPTY_BODY = YES;
				CLANG_WARN_ENUM_CONVERSION = YES;
				CLANG_WARN_INFINITE_RECURSION = YES;
				CLANG_WARN_INT_CONVERSION = YES;
				CLANG_WARN_NON_LITERAL_NULL_CONVERSION = YES;
				CLANG_WARN_OBJC_LITERAL_CONVERSION = YES;
				CLANG_WARN_OBJC_ROOT_CLASS = YES_ERROR;
				CLANG_WARN_RANGE_LOOP_ANALYSIS = YES;
				CLANG_WARN_STRICT_PROTOTYPES = YES;
				CLANG_WARN_SUSPICIOUS_MOVE = YES;
				CLANG_WARN_UNGUARDED_AVAILABILITY = YES_AGGRESSIVE;
				CLANG_WARN_UNREACHABLE_CODE = YES;
				CLANG_WARN__DUPLICATE_METHOD_MATCH = YES;
				CODE_SIGN_IDENTITY = "iPhone Developer";
				COPY_PHASE_STRIP = NO;
				DEBUG_INFORMATION_FORMAT = dwarf;
				ENABLE_STRICT_OBJC_MSGSEND = YES;
				ENABLE_TESTABILITY = YES;
				GCC_C_LANGUAGE_STANDARD = gnu11;
				GCC_DYNAMIC_NO_PIC = NO;
				GCC_NO_COMMON_BLOCKS = YES;
				GCC_OPTIMIZATION_LEVEL = 0;
				GCC_PREPROCESSOR_DEFINITIONS = (
					"DEBUG=1",
					"$(inherited)",
				);
				GCC_WARN_64_TO_32_BIT_CONVERSION = YES;
				GCC_WARN_ABOUT_RETURN_TYPE = YES_ERROR;
				GCC_WARN_UNDECLARED_SELECTOR = YES;
				GCC_WARN_UNINITIALIZED_AUTOS = YES_AGGRESSIVE;
				GCC_WARN_UNUSED_FUNCTION = YES;
				GCC_WARN_UNUSED_VARIABLE = YES;
				IPHONEOS_DEPLOYMENT_TARGET = 11.1;
				MTL_ENABLE_DEBUG_INFO = YES;
				ONLY_ACTIVE_ARCH = YES;
				SDKROOT = iphoneos;
				SWIFT_ACTIVE_COMPILATION_CONDITIONS = DEBUG;
				SWIFT_OPTIMIZATION_LEVEL = "-Onone";
			};
			name = Debug;
		};
		366A8DB51FE17D110082A64D /* Release */ = {
			isa = XCBuildConfiguration;
			buildSettings = {
				ALWAYS_SEARCH_USER_PATHS = NO;
				CLANG_ANALYZER_NONNULL = YES;
				CLANG_ANALYZER_NUMBER_OBJECT_CONVERSION = YES_AGGRESSIVE;
				CLANG_CXX_LANGUAGE_STANDARD = "gnu++14";
				CLANG_CXX_LIBRARY = "libc++";
				CLANG_ENABLE_MODULES = YES;
				CLANG_ENABLE_OBJC_ARC = YES;
				CLANG_WARN_BLOCK_CAPTURE_AUTORELEASING = YES;
				CLANG_WARN_BOOL_CONVERSION = YES;
				CLANG_WARN_COMMA = YES;
				CLANG_WARN_CONSTANT_CONVERSION = YES;
				CLANG_WARN_DIRECT_OBJC_ISA_USAGE = YES_ERROR;
				CLANG_WARN_DOCUMENTATION_COMMENTS = YES;
				CLANG_WARN_EMPTY_BODY = YES;
				CLANG_WARN_ENUM_CONVERSION = YES;
				CLANG_WARN_INFINITE_RECURSION = YES;
				CLANG_WARN_INT_CONVERSION = YES;
				CLANG_WARN_NON_LITERAL_NULL_CONVERSION = YES;
				CLANG_WARN_OBJC_LITERAL_CONVERSION = YES;
				CLANG_WARN_OBJC_ROOT_CLASS = YES_ERROR;
				CLANG_WARN_RANGE_LOOP_ANALYSIS = YES;
				CLANG_WARN_STRICT_PROTOTYPES = YES;
				CLANG_WARN_SUSPICIOUS_MOVE = YES;
				CLANG_WARN_UNGUARDED_AVAILABILITY = YES_AGGRESSIVE;
				CLANG_WARN_UNREACHABLE_CODE = YES;
				CLANG_WARN__DUPLICATE_METHOD_MATCH = YES;
				CODE_SIGN_IDENTITY = "iPhone Developer";
				COPY_PHASE_STRIP = NO;
				DEBUG_INFORMATION_FORMAT = "dwarf-with-dsym";
				ENABLE_NS_ASSERTIONS = NO;
				ENABLE_STRICT_OBJC_MSGSEND = YES;
				GCC_C_LANGUAGE_STANDARD = gnu11;
				GCC_NO_COMMON_BLOCKS = YES;
				GCC_WARN_64_TO_32_BIT_CONVERSION = YES;
				GCC_WARN_ABOUT_RETURN_TYPE = YES_ERROR;
				GCC_WARN_UNDECLARED_SELECTOR = YES;
				GCC_WARN_UNINITIALIZED_AUTOS = YES_AGGRESSIVE;
				GCC_WARN_UNUSED_FUNCTION = YES;
				GCC_WARN_UNUSED_VARIABLE = YES;
				IPHONEOS_DEPLOYMENT_TARGET = 11.1;
				MTL_ENABLE_DEBUG_INFO = NO;
				SDKROOT = iphoneos;
				SWIFT_OPTIMIZATION_LEVEL = "-Owholemodule";
				VALIDATE_PRODUCT = YES;
			};
			name = Release;
		};
		366A8DB71FE17D110082A64D /* Debug */ = {
			isa = XCBuildConfiguration;
			baseConfigurationReference = 3EA21579716148E53016E177 /* Pods-CTSports.debug.xcconfig */;
			buildSettings = {
				ASSETCATALOG_COMPILER_APPICON_NAME = AppIcon;
				CODE_SIGN_STYLE = Automatic;
				DEVELOPMENT_TEAM = "";
				INFOPLIST_FILE = CTSports/Info.plist;
				IPHONEOS_DEPLOYMENT_TARGET = 10.0;
				LD_RUNPATH_SEARCH_PATHS = "$(inherited) @executable_path/Frameworks";
				PRODUCT_BUNDLE_IDENTIFIER = nealsoni.CTSports;
				PRODUCT_NAME = "$(TARGET_NAME)";
				SWIFT_VERSION = 4.0;
				TARGETED_DEVICE_FAMILY = "1,2";
			};
			name = Debug;
		};
		366A8DB81FE17D110082A64D /* Release */ = {
			isa = XCBuildConfiguration;
			baseConfigurationReference = 8CE4E15D42B984ABD23749BC /* Pods-CTSports.release.xcconfig */;
			buildSettings = {
				ASSETCATALOG_COMPILER_APPICON_NAME = AppIcon;
				CODE_SIGN_STYLE = Automatic;
				DEVELOPMENT_TEAM = "";
				INFOPLIST_FILE = CTSports/Info.plist;
				IPHONEOS_DEPLOYMENT_TARGET = 10.0;
				LD_RUNPATH_SEARCH_PATHS = "$(inherited) @executable_path/Frameworks";
				PRODUCT_BUNDLE_IDENTIFIER = nealsoni.CTSports;
				PRODUCT_NAME = "$(TARGET_NAME)";
				SWIFT_VERSION = 4.0;
				TARGETED_DEVICE_FAMILY = "1,2";
			};
			name = Release;
		};
		366A8DBA1FE17D110082A64D /* Debug */ = {
			isa = XCBuildConfiguration;
			baseConfigurationReference = F94F64A7F7110AAD19DC25BA /* Pods-CTSportsTests.debug.xcconfig */;
			buildSettings = {
				ALWAYS_EMBED_SWIFT_STANDARD_LIBRARIES = YES;
				BUNDLE_LOADER = "$(TEST_HOST)";
				CODE_SIGN_STYLE = Automatic;
				DEVELOPMENT_TEAM = 7933NKJF62;
				INFOPLIST_FILE = CTSportsTests/Info.plist;
				LD_RUNPATH_SEARCH_PATHS = "$(inherited) @executable_path/Frameworks @loader_path/Frameworks";
				PRODUCT_BUNDLE_IDENTIFIER = nealsoni.CTSportsTests;
				PRODUCT_NAME = "$(TARGET_NAME)";
				SWIFT_VERSION = 4.0;
				TARGETED_DEVICE_FAMILY = "1,2";
				TEST_HOST = "$(BUILT_PRODUCTS_DIR)/CTSports.app/CTSports";
			};
			name = Debug;
		};
		366A8DBB1FE17D110082A64D /* Release */ = {
			isa = XCBuildConfiguration;
			baseConfigurationReference = 775C2D957696444EF8E36883 /* Pods-CTSportsTests.release.xcconfig */;
			buildSettings = {
				ALWAYS_EMBED_SWIFT_STANDARD_LIBRARIES = YES;
				BUNDLE_LOADER = "$(TEST_HOST)";
				CODE_SIGN_STYLE = Automatic;
				DEVELOPMENT_TEAM = 7933NKJF62;
				INFOPLIST_FILE = CTSportsTests/Info.plist;
				LD_RUNPATH_SEARCH_PATHS = "$(inherited) @executable_path/Frameworks @loader_path/Frameworks";
				PRODUCT_BUNDLE_IDENTIFIER = nealsoni.CTSportsTests;
				PRODUCT_NAME = "$(TARGET_NAME)";
				SWIFT_VERSION = 4.0;
				TARGETED_DEVICE_FAMILY = "1,2";
				TEST_HOST = "$(BUILT_PRODUCTS_DIR)/CTSports.app/CTSports";
			};
			name = Release;
		};
		366A8DBD1FE17D110082A64D /* Debug */ = {
			isa = XCBuildConfiguration;
			baseConfigurationReference = CD2E68AAAEC3BF49428F5BD0 /* Pods-CTSportsUITests.debug.xcconfig */;
			buildSettings = {
				ALWAYS_EMBED_SWIFT_STANDARD_LIBRARIES = YES;
				CODE_SIGN_STYLE = Automatic;
				DEVELOPMENT_TEAM = 7933NKJF62;
				INFOPLIST_FILE = CTSportsUITests/Info.plist;
				LD_RUNPATH_SEARCH_PATHS = "$(inherited) @executable_path/Frameworks @loader_path/Frameworks";
				PRODUCT_BUNDLE_IDENTIFIER = nealsoni.CTSportsUITests;
				PRODUCT_NAME = "$(TARGET_NAME)";
				SWIFT_VERSION = 4.0;
				TARGETED_DEVICE_FAMILY = "1,2";
				TEST_TARGET_NAME = CTSports;
			};
			name = Debug;
		};
		366A8DBE1FE17D110082A64D /* Release */ = {
			isa = XCBuildConfiguration;
			baseConfigurationReference = 5A6C2D756DC7B453E2B5C396 /* Pods-CTSportsUITests.release.xcconfig */;
			buildSettings = {
				ALWAYS_EMBED_SWIFT_STANDARD_LIBRARIES = YES;
				CODE_SIGN_STYLE = Automatic;
				DEVELOPMENT_TEAM = 7933NKJF62;
				INFOPLIST_FILE = CTSportsUITests/Info.plist;
				LD_RUNPATH_SEARCH_PATHS = "$(inherited) @executable_path/Frameworks @loader_path/Frameworks";
				PRODUCT_BUNDLE_IDENTIFIER = nealsoni.CTSportsUITests;
				PRODUCT_NAME = "$(TARGET_NAME)";
				SWIFT_VERSION = 4.0;
				TARGETED_DEVICE_FAMILY = "1,2";
				TEST_TARGET_NAME = CTSports;
			};
			name = Release;
		};
/* End XCBuildConfiguration section */

/* Begin XCConfigurationList section */
		366A8D871FE17D110082A64D /* Build configuration list for PBXProject "CTSports" */ = {
			isa = XCConfigurationList;
			buildConfigurations = (
				366A8DB41FE17D110082A64D /* Debug */,
				366A8DB51FE17D110082A64D /* Release */,
			);
			defaultConfigurationIsVisible = 0;
			defaultConfigurationName = Release;
		};
		366A8DB61FE17D110082A64D /* Build configuration list for PBXNativeTarget "CTSports" */ = {
			isa = XCConfigurationList;
			buildConfigurations = (
				366A8DB71FE17D110082A64D /* Debug */,
				366A8DB81FE17D110082A64D /* Release */,
			);
			defaultConfigurationIsVisible = 0;
			defaultConfigurationName = Release;
		};
		366A8DB91FE17D110082A64D /* Build configuration list for PBXNativeTarget "CTSportsTests" */ = {
			isa = XCConfigurationList;
			buildConfigurations = (
				366A8DBA1FE17D110082A64D /* Debug */,
				366A8DBB1FE17D110082A64D /* Release */,
			);
			defaultConfigurationIsVisible = 0;
			defaultConfigurationName = Release;
		};
		366A8DBC1FE17D110082A64D /* Build configuration list for PBXNativeTarget "CTSportsUITests" */ = {
			isa = XCConfigurationList;
			buildConfigurations = (
				366A8DBD1FE17D110082A64D /* Debug */,
				366A8DBE1FE17D110082A64D /* Release */,
			);
			defaultConfigurationIsVisible = 0;
			defaultConfigurationName = Release;
		};
/* End XCConfigurationList section */
	};
	rootObject = 366A8D841FE17D110082A64D /* Project object */;
}
